{
    "version": 3,
    "terraform_version": "0.11.7",
    "serial": 23,
    "lineage": "223c8b3d-4f88-d2fb-9c3b-2c855ca93d68",
    "modules": [
        {
            "path": [
                "root"
            ],
            "outputs": {},
            "resources": {
                "data.template_file.docker_daemon": {
                    "type": "template_file",
                    "depends_on": [],
                    "primary": {
                        "id": "5e1d0dded4d542362079b4a14127eb5d24ec33011ae548375d0f1fde81493a0b",
                        "attributes": {
                            "id": "5e1d0dded4d542362079b4a14127eb5d24ec33011ae548375d0f1fde81493a0b",
                            "rendered": "{\n  \"registry-mirrors\": [\"http://192.168.8.1:5550\"],\n  \"bip\": \"192.168.6.1/24\"\n}\n",
                            "template": "{\n  \"registry-mirrors\": [${mirror}],\n  \"bip\": \"192.168.6.1/24\"\n}\n",
                            "vars.%": "2",
                            "vars.insecure_registries": "\"http://192.168.8.1:5550\",\"asd\"",
                            "vars.mirror": "\"http://192.168.8.1:5550\""
                        },
                        "meta": {},
                        "tainted": false
                    },
                    "deposed": [],
                    "provider": "provider.template"
                },
                "libvirt_cloudinit.commoninit": {
                    "type": "libvirt_cloudinit",
                    "depends_on": [],
                    "primary": {
                        "id": "/var/lib/libvirt/images/coredns_centos_commoninit.iso;5b323c1e-2a15-760e-c81e-6e8568aae376",
                        "attributes": {
                            "id": "/var/lib/libvirt/images/coredns_centos_commoninit.iso;5b323c1e-2a15-760e-c81e-6e8568aae376",
                            "local_hostname": "coredns_centos_0",
                            "name": "coredns_centos_commoninit.iso",
                            "pool": "default",
                            "ssh_authorized_key": "ssh-rsa AAAAB3NzaC1yc2EAAAADAQABAAACAQDEqT/AMSxWAuiANUlq7Z7gwDTsMC3xJYIwJ+JDDau/sH5XvFFQbnyM355cMu73oN9flIIEa0VmfLk9K56hRvul+dacDfZrTWgQ+CoUywennrsY4ZHwGwRvu6YPcJtzrZ0F1oqyhBmkqcb0QK05dyWOXgGBjibwLMHK2K/VUfYL/V8kg0c67J90IuV6i8F06tI1qd/0bm9qznsR7bQWUaQbhCY6D7x+4EXn03YpjwmNQXaHbET7RoOYJeVzxQn5pF6ViFnuB1Hi/R3DPOwKxgKhHd+0ts49YuyPq/Xy/OvB/+8jHpiuvwy3j2Uiw8IyXZd3yyCOZV/Iv0/Hn+jt9t6XjhODP/Ala4+ne0C31odljJSw0AuYZL6Y0Snaj8sVl6WPLF5wCi3EgvYzv2/eI+Zq3nCkA4rODbUY7OlrfSH7tdu/L8SUO8oLOk5pHY/R/VDhktnG+JfK2R7bZYui4GO9HHWTLLSvpO1yGXBHusUDW4zdfpJzdHVgrg06/5Uu/D5SfFXs52ngWEcoZxznIu+DoIrs5C4bhAAy68PS7fKioPCOheuUPuMhQe6GtZvZtGPIl2lJX1+DfuEfJmidv8EbAk5NcX8c+XqtcnUa97l4gOBN2I3wXXjoKlT/qQsld1Bt+q9W4xA08IC/IP3+amysL/uWGapRu+dN/ZR9u1y0BQ== muller.rafael@gmail.com",
                            "user_data": "#cloud-config\nssh_authorized_keys:\n- ssh-rsa AAAAB3NzaC1yc2EAAAADAQABAAACAQDEqT/AMSxWAuiANUlq7Z7gwDTsMC3xJYIwJ+JDDau/sH5XvFFQbnyM355cMu73oN9flIIEa0VmfLk9K56hRvul+dacDfZrTWgQ+CoUywennrsY4ZHwGwRvu6YPcJtzrZ0F1oqyhBmkqcb0QK05dyWOXgGBjibwLMHK2K/VUfYL/V8kg0c67J90IuV6i8F06tI1qd/0bm9qznsR7bQWUaQbhCY6D7x+4EXn03YpjwmNQXaHbET7RoOYJeVzxQn5pF6ViFnuB1Hi/R3DPOwKxgKhHd+0ts49YuyPq/Xy/OvB/+8jHpiuvwy3j2Uiw8IyXZd3yyCOZV/Iv0/Hn+jt9t6XjhODP/Ala4+ne0C31odljJSw0AuYZL6Y0Snaj8sVl6WPLF5wCi3EgvYzv2/eI+Zq3nCkA4rODbUY7OlrfSH7tdu/L8SUO8oLOk5pHY/R/VDhktnG+JfK2R7bZYui4GO9HHWTLLSvpO1yGXBHusUDW4zdfpJzdHVgrg06/5Uu/D5SfFXs52ngWEcoZxznIu+DoIrs5C4bhAAy68PS7fKioPCOheuUPuMhQe6GtZvZtGPIl2lJX1+DfuEfJmidv8EbAk5NcX8c+XqtcnUa97l4gOBN2I3wXXjoKlT/qQsld1Bt+q9W4xA08IC/IP3+amysL/uWGapRu+dN/ZR9u1y0BQ==\n  muller.rafael@gmail.com\n"
                        },
                        "meta": {},
                        "tainted": false
                    },
                    "deposed": [],
                    "provider": "provider.libvirt"
                },
                "libvirt_domain.my_machine.0": {
                    "type": "libvirt_domain",
                    "depends_on": [
                        "libvirt_cloudinit.commoninit",
                        "libvirt_network.net_iface_0",
                        "libvirt_volume.main_disks.*"
                    ],
                    "primary": {
                        "id": "8536a6d2-074e-4e49-9c85-8b168770c393",
                        "attributes": {
                            "arch": "x86_64",
                            "autostart": "false",
                            "cloudinit": "/var/lib/libvirt/images/coredns_centos_commoninit.iso;5b323c1e-2a15-760e-c81e-6e8568aae376",
                            "cmdline.#": "0",
                            "disk.#": "1",
                            "disk.0.file": "",
                            "disk.0.scsi": "false",
                            "disk.0.url": "",
                            "disk.0.volume_id": "/var/lib/libvirt/images/main_os_disk_coredns_centos0.qcow2",
                            "disk.0.wwn": "",
                            "emulator": "/usr/bin/kvm-spice",
                            "firmware": "",
                            "id": "8536a6d2-074e-4e49-9c85-8b168770c393",
                            "initrd": "",
                            "kernel": "",
                            "machine": "ubuntu",
                            "memory": "2048",
                            "name": "coredns_centos0",
                            "network_interface.#": "1",
                            "network_interface.0.addresses.#": "1",
                            "network_interface.0.addresses.0": "192.168.8.251",
                            "network_interface.0.bridge": "",
                            "network_interface.0.hostname": "coredns_centos0",
                            "network_interface.0.mac": "8A:0A:97:AE:32:5D",
                            "network_interface.0.macvtap": "",
                            "network_interface.0.network_id": "c5ef673d-62bc-4371-9d26-4b614330e88d",
                            "network_interface.0.network_name": "coredns_centosnet",
                            "network_interface.0.passthrough": "",
                            "network_interface.0.vepa": "",
                            "network_interface.0.wait_for_lease": "false",
                            "nvram.#": "0",
                            "running": "true",
                            "vcpu": "2"
                        },
                        "meta": {
                            "e2bfb730-ecaa-11e6-8f88-34363bc7c4c0": {
                                "create": 300000000000
                            }
                        },
                        "tainted": false
                    },
                    "deposed": [],
                    "provider": "provider.libvirt"
                },
                "libvirt_domain.my_machine.1": {
                    "type": "libvirt_domain",
                    "depends_on": [
                        "libvirt_cloudinit.commoninit",
                        "libvirt_network.net_iface_0",
                        "libvirt_volume.main_disks.*"
                    ],
                    "primary": {
                        "id": "9e3c9424-6c68-4870-a2fd-80ddfa4fc47e",
                        "attributes": {
                            "arch": "x86_64",
                            "autostart": "false",
                            "cloudinit": "/var/lib/libvirt/images/coredns_centos_commoninit.iso;5b323c1e-2a15-760e-c81e-6e8568aae376",
                            "cmdline.#": "0",
                            "disk.#": "1",
                            "disk.0.file": "",
                            "disk.0.scsi": "false",
                            "disk.0.url": "",
                            "disk.0.volume_id": "/var/lib/libvirt/images/main_os_disk_coredns_centos1.qcow2",
                            "disk.0.wwn": "",
                            "emulator": "/usr/bin/kvm-spice",
                            "firmware": "",
                            "id": "9e3c9424-6c68-4870-a2fd-80ddfa4fc47e",
                            "initrd": "",
                            "kernel": "",
                            "machine": "ubuntu",
                            "memory": "2048",
                            "name": "coredns_centos1",
                            "network_interface.#": "1",
                            "network_interface.0.addresses.#": "1",
                            "network_interface.0.addresses.0": "192.168.8.252",
                            "network_interface.0.bridge": "",
                            "network_interface.0.hostname": "coredns_centos1",
                            "network_interface.0.mac": "C6:97:10:A8:29:3B",
                            "network_interface.0.macvtap": "",
                            "network_interface.0.network_id": "c5ef673d-62bc-4371-9d26-4b614330e88d",
                            "network_interface.0.network_name": "coredns_centosnet",
                            "network_interface.0.passthrough": "",
                            "network_interface.0.vepa": "",
                            "network_interface.0.wait_for_lease": "false",
                            "nvram.#": "0",
                            "running": "true",
                            "vcpu": "2"
                        },
                        "meta": {
                            "e2bfb730-ecaa-11e6-8f88-34363bc7c4c0": {
                                "create": 300000000000
                            }
                        },
                        "tainted": false
                    },
                    "deposed": [],
                    "provider": "provider.libvirt"
                },
                "libvirt_domain.my_machine.2": {
                    "type": "libvirt_domain",
                    "depends_on": [
                        "libvirt_cloudinit.commoninit",
                        "libvirt_network.net_iface_0",
                        "libvirt_volume.main_disks.*"
                    ],
                    "primary": {
                        "id": "edab1e3c-8c8f-42e3-a907-9a70152110d9",
                        "attributes": {
                            "arch": "x86_64",
                            "autostart": "false",
                            "cloudinit": "/var/lib/libvirt/images/coredns_centos_commoninit.iso;5b323c1e-2a15-760e-c81e-6e8568aae376",
                            "cmdline.#": "0",
                            "disk.#": "1",
                            "disk.0.file": "",
                            "disk.0.scsi": "false",
                            "disk.0.url": "",
                            "disk.0.volume_id": "/var/lib/libvirt/images/main_os_disk_coredns_centos2.qcow2",
                            "disk.0.wwn": "",
                            "emulator": "/usr/bin/kvm-spice",
                            "firmware": "",
                            "id": "edab1e3c-8c8f-42e3-a907-9a70152110d9",
                            "initrd": "",
                            "kernel": "",
                            "machine": "ubuntu",
                            "memory": "2048",
                            "name": "coredns_centos2",
                            "network_interface.#": "1",
                            "network_interface.0.addresses.#": "1",
                            "network_interface.0.addresses.0": "192.168.8.253",
                            "network_interface.0.bridge": "",
                            "network_interface.0.hostname": "coredns_centos2",
                            "network_interface.0.mac": "22:2B:5F:0E:3A:39",
                            "network_interface.0.macvtap": "",
                            "network_interface.0.network_id": "c5ef673d-62bc-4371-9d26-4b614330e88d",
                            "network_interface.0.network_name": "coredns_centosnet",
                            "network_interface.0.passthrough": "",
                            "network_interface.0.vepa": "",
                            "network_interface.0.wait_for_lease": "false",
                            "nvram.#": "0",
                            "running": "true",
                            "vcpu": "2"
                        },
                        "meta": {
                            "e2bfb730-ecaa-11e6-8f88-34363bc7c4c0": {
                                "create": 300000000000
                            }
                        },
                        "tainted": false
                    },
                    "deposed": [],
                    "provider": "provider.libvirt"
                },
                "libvirt_network.net_iface_0": {
                    "type": "libvirt_network",
                    "depends_on": [],
                    "primary": {
                        "id": "c5ef673d-62bc-4371-9d26-4b614330e88d",
                        "attributes": {
                            "addresses.#": "1",
                            "addresses.0": "192.168.8.0/24",
                            "autostart": "false",
                            "bridge": "virbr2",
                            "domain": "k8s.local",
                            "id": "c5ef673d-62bc-4371-9d26-4b614330e88d",
                            "mode": "route",
                            "name": "coredns_centosnet"
                        },
                        "meta": {},
                        "tainted": false
                    },
                    "deposed": [],
                    "provider": "provider.libvirt"
                },
                "libvirt_volume.additional_disks.0": {
                    "type": "libvirt_volume",
                    "depends_on": [],
                    "primary": {
                        "id": "/var/lib/libvirt/images/disk_coredns_centos_0.qcow2",
                        "attributes": {
                            "id": "/var/lib/libvirt/images/disk_coredns_centos_0.qcow2",
                            "name": "disk_coredns_centos_0.qcow2",
                            "pool": "default",
                            "size": "50000000000"
                        },
                        "meta": {},
                        "tainted": false
                    },
                    "deposed": [],
                    "provider": "provider.libvirt"
                },
                "libvirt_volume.additional_disks.1": {
                    "type": "libvirt_volume",
                    "depends_on": [],
                    "primary": {
                        "id": "/var/lib/libvirt/images/disk_coredns_centos_1.qcow2",
                        "attributes": {
                            "id": "/var/lib/libvirt/images/disk_coredns_centos_1.qcow2",
                            "name": "disk_coredns_centos_1.qcow2",
                            "pool": "default",
                            "size": "50000000000"
                        },
                        "meta": {},
                        "tainted": false
                    },
                    "deposed": [],
                    "provider": "provider.libvirt"
                },
                "libvirt_volume.additional_disks.2": {
                    "type": "libvirt_volume",
                    "depends_on": [],
                    "primary": {
                        "id": "/var/lib/libvirt/images/disk_coredns_centos_2.qcow2",
                        "attributes": {
                            "id": "/var/lib/libvirt/images/disk_coredns_centos_2.qcow2",
                            "name": "disk_coredns_centos_2.qcow2",
                            "pool": "default",
                            "size": "50000000000"
                        },
                        "meta": {},
                        "tainted": false
                    },
                    "deposed": [],
                    "provider": "provider.libvirt"
                },
                "libvirt_volume.main_disks.0": {
                    "type": "libvirt_volume",
                    "depends_on": [
                        "libvirt_volume.os_vm_img"
                    ],
                    "primary": {
                        "id": "/var/lib/libvirt/images/main_os_disk_coredns_centos0.qcow2",
                        "attributes": {
                            "base_volume_id": "/var/lib/libvirt/images/coredns_centos_os_vm_img",
                            "id": "/var/lib/libvirt/images/main_os_disk_coredns_centos0.qcow2",
                            "name": "main_os_disk_coredns_centos0.qcow2",
                            "pool": "default",
                            "size": "62277025792"
                        },
                        "meta": {},
                        "tainted": false
                    },
                    "deposed": [],
                    "provider": "provider.libvirt"
                },
                "libvirt_volume.main_disks.1": {
                    "type": "libvirt_volume",
                    "depends_on": [
                        "libvirt_volume.os_vm_img"
                    ],
                    "primary": {
                        "id": "/var/lib/libvirt/images/main_os_disk_coredns_centos1.qcow2",
                        "attributes": {
                            "base_volume_id": "/var/lib/libvirt/images/coredns_centos_os_vm_img",
                            "id": "/var/lib/libvirt/images/main_os_disk_coredns_centos1.qcow2",
                            "name": "main_os_disk_coredns_centos1.qcow2",
                            "pool": "default",
                            "size": "62277025792"
                        },
                        "meta": {},
                        "tainted": false
                    },
                    "deposed": [],
                    "provider": "provider.libvirt"
                },
                "libvirt_volume.main_disks.2": {
                    "type": "libvirt_volume",
                    "depends_on": [
                        "libvirt_volume.os_vm_img"
                    ],
                    "primary": {
                        "id": "/var/lib/libvirt/images/main_os_disk_coredns_centos2.qcow2",
                        "attributes": {
                            "base_volume_id": "/var/lib/libvirt/images/coredns_centos_os_vm_img",
                            "id": "/var/lib/libvirt/images/main_os_disk_coredns_centos2.qcow2",
                            "name": "main_os_disk_coredns_centos2.qcow2",
                            "pool": "default",
                            "size": "62277025792"
                        },
                        "meta": {},
                        "tainted": false
                    },
                    "deposed": [],
                    "provider": "provider.libvirt"
                },
                "libvirt_volume.os_vm_img": {
                    "type": "libvirt_volume",
                    "depends_on": [],
                    "primary": {
                        "id": "/var/lib/libvirt/images/coredns_centos_os_vm_img",
                        "attributes": {
                            "format": "qcow2",
                            "id": "/var/lib/libvirt/images/coredns_centos_os_vm_img",
                            "name": "coredns_centos_os_vm_img",
                            "pool": "default",
                            "size": "62277025792",
                            "source": "/home/rafael/Downloads/CentOS-7-x86_64-GenericCloud.qcow2"
                        },
                        "meta": {},
                        "tainted": false
                    },
                    "deposed": [],
                    "provider": "provider.libvirt"
                },
                "null_resource.example": {
                    "type": "null_resource",
                    "depends_on": [
                        "data.template_file.docker_daemon"
                    ],
                    "primary": {
                        "id": "882902832070118511",
                        "attributes": {
                            "id": "882902832070118511",
                            "triggers.%": "1",
                            "triggers.json": "{\n  \"registry-mirrors\": [\"http://192.168.8.1:5550\"],\n  \"bip\": \"192.168.6.1/24\"\n}\n"
                        },
                        "meta": {},
                        "tainted": false
                    },
                    "deposed": [],
                    "provider": "provider.null"
                }
            },
            "depends_on": []
        }
    ]
}
