{
    "version": 3,
    "terraform_version": "0.11.7",
    "serial": 44,
    "lineage": "38230dee-3298-6482-44bb-49bcbf48afe9",
    "modules": [
        {
            "path": [
                "root"
            ],
            "outputs": {},
            "resources": {
                "data.ignition_config.example.0": {
                    "type": "ignition_config",
                    "depends_on": [
                        "data.ignition_file.hostname.*",
                        "data.ignition_networkd_unit.example.*",
                        "data.ignition_user.core_user",
                        "data.ignition_user.root_user"
                    ],
                    "primary": {
                        "id": "f65cfb3c7af70bbbaac78fadb0f9d4017d47d923793f8cd45842659178b09103",
                        "attributes": {
                            "files.#": "1",
                            "files.0": "bf701aeb25227bf55858baa9f68e16c9c19b15e2bf1065348dc64d0b4dd6c2e9",
                            "id": "f65cfb3c7af70bbbaac78fadb0f9d4017d47d923793f8cd45842659178b09103",
                            "networkd.#": "1",
                            "networkd.0": "2257ee94b21f52645c8354f86cbd76da7d596c98b4f508675327c3bb98a8f5ad",
                            "rendered": "{\"ignition\":{\"config\":{},\"timeouts\":{},\"version\":\"2.1.0\"},\"networkd\":{\"units\":[{\"contents\":\"[Match]\\nName=eth0\\n\\n[Network]\\n  DNS=192.168.8.251\\n\\nAddress=192.168.8.251\\nGateway=192.168.8.1\\n\",\"name\":\"00-eth0.network\"}]},\"passwd\":{\"users\":[{\"name\":\"root\",\"passwordHash\":\"$1$xyz$5g8MbFX.qpsReBdkZF5st1\",\"sshAuthorizedKeys\":[\"ssh-rsa AAAAB3NzaC1yc2EAAAADAQABAAACAQDEqT/AMSxWAuiANUlq7Z7gwDTsMC3xJYIwJ+JDDau/sH5XvFFQbnyM355cMu73oN9flIIEa0VmfLk9K56hRvul+dacDfZrTWgQ+CoUywennrsY4ZHwGwRvu6YPcJtzrZ0F1oqyhBmkqcb0QK05dyWOXgGBjibwLMHK2K/VUfYL/V8kg0c67J90IuV6i8F06tI1qd/0bm9qznsR7bQWUaQbhCY6D7x+4EXn03YpjwmNQXaHbET7RoOYJeVzxQn5pF6ViFnuB1Hi/R3DPOwKxgKhHd+0ts49YuyPq/Xy/OvB/+8jHpiuvwy3j2Uiw8IyXZd3yyCOZV/Iv0/Hn+jt9t6XjhODP/Ala4+ne0C31odljJSw0AuYZL6Y0Snaj8sVl6WPLF5wCi3EgvYzv2/eI+Zq3nCkA4rODbUY7OlrfSH7tdu/L8SUO8oLOk5pHY/R/VDhktnG+JfK2R7bZYui4GO9HHWTLLSvpO1yGXBHusUDW4zdfpJzdHVgrg06/5Uu/D5SfFXs52ngWEcoZxznIu+DoIrs5C4bhAAy68PS7fKioPCOheuUPuMhQe6GtZvZtGPIl2lJX1+DfuEfJmidv8EbAk5NcX8c+XqtcnUa97l4gOBN2I3wXXjoKlT/qQsld1Bt+q9W4xA08IC/IP3+amysL/uWGapRu+dN/ZR9u1y0BQ== muller.rafael@gmail.com\"]},{\"name\":\"core\",\"passwordHash\":\"$1$xyz$5g8MbFX.qpsReBdkZF5st1\",\"sshAuthorizedKeys\":[\"ssh-rsa AAAAB3NzaC1yc2EAAAADAQABAAACAQDEqT/AMSxWAuiANUlq7Z7gwDTsMC3xJYIwJ+JDDau/sH5XvFFQbnyM355cMu73oN9flIIEa0VmfLk9K56hRvul+dacDfZrTWgQ+CoUywennrsY4ZHwGwRvu6YPcJtzrZ0F1oqyhBmkqcb0QK05dyWOXgGBjibwLMHK2K/VUfYL/V8kg0c67J90IuV6i8F06tI1qd/0bm9qznsR7bQWUaQbhCY6D7x+4EXn03YpjwmNQXaHbET7RoOYJeVzxQn5pF6ViFnuB1Hi/R3DPOwKxgKhHd+0ts49YuyPq/Xy/OvB/+8jHpiuvwy3j2Uiw8IyXZd3yyCOZV/Iv0/Hn+jt9t6XjhODP/Ala4+ne0C31odljJSw0AuYZL6Y0Snaj8sVl6WPLF5wCi3EgvYzv2/eI+Zq3nCkA4rODbUY7OlrfSH7tdu/L8SUO8oLOk5pHY/R/VDhktnG+JfK2R7bZYui4GO9HHWTLLSvpO1yGXBHusUDW4zdfpJzdHVgrg06/5Uu/D5SfFXs52ngWEcoZxznIu+DoIrs5C4bhAAy68PS7fKioPCOheuUPuMhQe6GtZvZtGPIl2lJX1+DfuEfJmidv8EbAk5NcX8c+XqtcnUa97l4gOBN2I3wXXjoKlT/qQsld1Bt+q9W4xA08IC/IP3+amysL/uWGapRu+dN/ZR9u1y0BQ== muller.rafael@gmail.com\"]}]},\"storage\":{\"files\":[{\"filesystem\":\"root\",\"group\":{},\"path\":\"/etc/hostname\",\"user\":{},\"contents\":{\"source\":\"data:text/plain;charset=utf-8;base64,Y29yZWRuc2NvcmVvczA=\",\"verification\":{}},\"mode\":420}]},\"systemd\":{}}",
                            "users.#": "2",
                            "users.0": "cd903caad49d4d1f5b832feb3f638e5114efbb56e88da948795d47fdff6b903a",
                            "users.1": "b6c7ee8b45e37a34b0f1d15d1fb283849472441ffb06ca2c9fb56148e05a07a7"
                        },
                        "meta": {},
                        "tainted": false
                    },
                    "deposed": [],
                    "provider": "provider.ignition"
                },
                "data.ignition_config.example.1": {
                    "type": "ignition_config",
                    "depends_on": [
                        "data.ignition_file.hostname.*",
                        "data.ignition_networkd_unit.example.*",
                        "data.ignition_user.core_user",
                        "data.ignition_user.root_user"
                    ],
                    "primary": {
                        "id": "7fc64d12980e3da97219d3445865ff307ed2f8a1deb977f3abee2f63474a7581",
                        "attributes": {
                            "files.#": "1",
                            "files.0": "c6e7a16a3b480d51145857c4ea2af75eebf38091fd26e74f2c8fb4ffb16b1213",
                            "id": "7fc64d12980e3da97219d3445865ff307ed2f8a1deb977f3abee2f63474a7581",
                            "networkd.#": "1",
                            "networkd.0": "8e442afaca626ae2a0027a72b9efc1869e18a397b9f074f8ca3228e5aa071274",
                            "rendered": "{\"ignition\":{\"config\":{},\"timeouts\":{},\"version\":\"2.1.0\"},\"networkd\":{\"units\":[{\"contents\":\"[Match]\\nName=eth0\\n\\n[Network]\\n  DNS=192.168.8.251\\n\\nAddress=192.168.8.252\\nGateway=192.168.8.1\\n\",\"name\":\"00-eth0.network\"}]},\"passwd\":{\"users\":[{\"name\":\"root\",\"passwordHash\":\"$1$xyz$5g8MbFX.qpsReBdkZF5st1\",\"sshAuthorizedKeys\":[\"ssh-rsa AAAAB3NzaC1yc2EAAAADAQABAAACAQDEqT/AMSxWAuiANUlq7Z7gwDTsMC3xJYIwJ+JDDau/sH5XvFFQbnyM355cMu73oN9flIIEa0VmfLk9K56hRvul+dacDfZrTWgQ+CoUywennrsY4ZHwGwRvu6YPcJtzrZ0F1oqyhBmkqcb0QK05dyWOXgGBjibwLMHK2K/VUfYL/V8kg0c67J90IuV6i8F06tI1qd/0bm9qznsR7bQWUaQbhCY6D7x+4EXn03YpjwmNQXaHbET7RoOYJeVzxQn5pF6ViFnuB1Hi/R3DPOwKxgKhHd+0ts49YuyPq/Xy/OvB/+8jHpiuvwy3j2Uiw8IyXZd3yyCOZV/Iv0/Hn+jt9t6XjhODP/Ala4+ne0C31odljJSw0AuYZL6Y0Snaj8sVl6WPLF5wCi3EgvYzv2/eI+Zq3nCkA4rODbUY7OlrfSH7tdu/L8SUO8oLOk5pHY/R/VDhktnG+JfK2R7bZYui4GO9HHWTLLSvpO1yGXBHusUDW4zdfpJzdHVgrg06/5Uu/D5SfFXs52ngWEcoZxznIu+DoIrs5C4bhAAy68PS7fKioPCOheuUPuMhQe6GtZvZtGPIl2lJX1+DfuEfJmidv8EbAk5NcX8c+XqtcnUa97l4gOBN2I3wXXjoKlT/qQsld1Bt+q9W4xA08IC/IP3+amysL/uWGapRu+dN/ZR9u1y0BQ== muller.rafael@gmail.com\"]},{\"name\":\"core\",\"passwordHash\":\"$1$xyz$5g8MbFX.qpsReBdkZF5st1\",\"sshAuthorizedKeys\":[\"ssh-rsa AAAAB3NzaC1yc2EAAAADAQABAAACAQDEqT/AMSxWAuiANUlq7Z7gwDTsMC3xJYIwJ+JDDau/sH5XvFFQbnyM355cMu73oN9flIIEa0VmfLk9K56hRvul+dacDfZrTWgQ+CoUywennrsY4ZHwGwRvu6YPcJtzrZ0F1oqyhBmkqcb0QK05dyWOXgGBjibwLMHK2K/VUfYL/V8kg0c67J90IuV6i8F06tI1qd/0bm9qznsR7bQWUaQbhCY6D7x+4EXn03YpjwmNQXaHbET7RoOYJeVzxQn5pF6ViFnuB1Hi/R3DPOwKxgKhHd+0ts49YuyPq/Xy/OvB/+8jHpiuvwy3j2Uiw8IyXZd3yyCOZV/Iv0/Hn+jt9t6XjhODP/Ala4+ne0C31odljJSw0AuYZL6Y0Snaj8sVl6WPLF5wCi3EgvYzv2/eI+Zq3nCkA4rODbUY7OlrfSH7tdu/L8SUO8oLOk5pHY/R/VDhktnG+JfK2R7bZYui4GO9HHWTLLSvpO1yGXBHusUDW4zdfpJzdHVgrg06/5Uu/D5SfFXs52ngWEcoZxznIu+DoIrs5C4bhAAy68PS7fKioPCOheuUPuMhQe6GtZvZtGPIl2lJX1+DfuEfJmidv8EbAk5NcX8c+XqtcnUa97l4gOBN2I3wXXjoKlT/qQsld1Bt+q9W4xA08IC/IP3+amysL/uWGapRu+dN/ZR9u1y0BQ== muller.rafael@gmail.com\"]}]},\"storage\":{\"files\":[{\"filesystem\":\"root\",\"group\":{},\"path\":\"/etc/hostname\",\"user\":{},\"contents\":{\"source\":\"data:text/plain;charset=utf-8;base64,Y29yZWRuc2NvcmVvczE=\",\"verification\":{}},\"mode\":420}]},\"systemd\":{}}",
                            "users.#": "2",
                            "users.0": "cd903caad49d4d1f5b832feb3f638e5114efbb56e88da948795d47fdff6b903a",
                            "users.1": "b6c7ee8b45e37a34b0f1d15d1fb283849472441ffb06ca2c9fb56148e05a07a7"
                        },
                        "meta": {},
                        "tainted": false
                    },
                    "deposed": [],
                    "provider": "provider.ignition"
                },
                "data.ignition_config.example.2": {
                    "type": "ignition_config",
                    "depends_on": [
                        "data.ignition_file.hostname.*",
                        "data.ignition_networkd_unit.example.*",
                        "data.ignition_user.core_user",
                        "data.ignition_user.root_user"
                    ],
                    "primary": {
                        "id": "2896e61ad4af4993e7016cb9120c3ae264dc87f5566da27de7fc5e8ec10b4e04",
                        "attributes": {
                            "files.#": "1",
                            "files.0": "09c6e58b54e9da86867d2fd4a289c88f5a714829158e11fe6386e4fe78f7cd2e",
                            "id": "2896e61ad4af4993e7016cb9120c3ae264dc87f5566da27de7fc5e8ec10b4e04",
                            "networkd.#": "1",
                            "networkd.0": "20129ea66886c7fcea946be115d5d9152640b6e108434e2f68786f7c624c83ec",
                            "rendered": "{\"ignition\":{\"config\":{},\"timeouts\":{},\"version\":\"2.1.0\"},\"networkd\":{\"units\":[{\"contents\":\"[Match]\\nName=eth0\\n\\n[Network]\\n  DNS=192.168.8.251\\n\\nAddress=192.168.8.253\\nGateway=192.168.8.1\\n\",\"name\":\"00-eth0.network\"}]},\"passwd\":{\"users\":[{\"name\":\"root\",\"passwordHash\":\"$1$xyz$5g8MbFX.qpsReBdkZF5st1\",\"sshAuthorizedKeys\":[\"ssh-rsa AAAAB3NzaC1yc2EAAAADAQABAAACAQDEqT/AMSxWAuiANUlq7Z7gwDTsMC3xJYIwJ+JDDau/sH5XvFFQbnyM355cMu73oN9flIIEa0VmfLk9K56hRvul+dacDfZrTWgQ+CoUywennrsY4ZHwGwRvu6YPcJtzrZ0F1oqyhBmkqcb0QK05dyWOXgGBjibwLMHK2K/VUfYL/V8kg0c67J90IuV6i8F06tI1qd/0bm9qznsR7bQWUaQbhCY6D7x+4EXn03YpjwmNQXaHbET7RoOYJeVzxQn5pF6ViFnuB1Hi/R3DPOwKxgKhHd+0ts49YuyPq/Xy/OvB/+8jHpiuvwy3j2Uiw8IyXZd3yyCOZV/Iv0/Hn+jt9t6XjhODP/Ala4+ne0C31odljJSw0AuYZL6Y0Snaj8sVl6WPLF5wCi3EgvYzv2/eI+Zq3nCkA4rODbUY7OlrfSH7tdu/L8SUO8oLOk5pHY/R/VDhktnG+JfK2R7bZYui4GO9HHWTLLSvpO1yGXBHusUDW4zdfpJzdHVgrg06/5Uu/D5SfFXs52ngWEcoZxznIu+DoIrs5C4bhAAy68PS7fKioPCOheuUPuMhQe6GtZvZtGPIl2lJX1+DfuEfJmidv8EbAk5NcX8c+XqtcnUa97l4gOBN2I3wXXjoKlT/qQsld1Bt+q9W4xA08IC/IP3+amysL/uWGapRu+dN/ZR9u1y0BQ== muller.rafael@gmail.com\"]},{\"name\":\"core\",\"passwordHash\":\"$1$xyz$5g8MbFX.qpsReBdkZF5st1\",\"sshAuthorizedKeys\":[\"ssh-rsa AAAAB3NzaC1yc2EAAAADAQABAAACAQDEqT/AMSxWAuiANUlq7Z7gwDTsMC3xJYIwJ+JDDau/sH5XvFFQbnyM355cMu73oN9flIIEa0VmfLk9K56hRvul+dacDfZrTWgQ+CoUywennrsY4ZHwGwRvu6YPcJtzrZ0F1oqyhBmkqcb0QK05dyWOXgGBjibwLMHK2K/VUfYL/V8kg0c67J90IuV6i8F06tI1qd/0bm9qznsR7bQWUaQbhCY6D7x+4EXn03YpjwmNQXaHbET7RoOYJeVzxQn5pF6ViFnuB1Hi/R3DPOwKxgKhHd+0ts49YuyPq/Xy/OvB/+8jHpiuvwy3j2Uiw8IyXZd3yyCOZV/Iv0/Hn+jt9t6XjhODP/Ala4+ne0C31odljJSw0AuYZL6Y0Snaj8sVl6WPLF5wCi3EgvYzv2/eI+Zq3nCkA4rODbUY7OlrfSH7tdu/L8SUO8oLOk5pHY/R/VDhktnG+JfK2R7bZYui4GO9HHWTLLSvpO1yGXBHusUDW4zdfpJzdHVgrg06/5Uu/D5SfFXs52ngWEcoZxznIu+DoIrs5C4bhAAy68PS7fKioPCOheuUPuMhQe6GtZvZtGPIl2lJX1+DfuEfJmidv8EbAk5NcX8c+XqtcnUa97l4gOBN2I3wXXjoKlT/qQsld1Bt+q9W4xA08IC/IP3+amysL/uWGapRu+dN/ZR9u1y0BQ== muller.rafael@gmail.com\"]}]},\"storage\":{\"files\":[{\"filesystem\":\"root\",\"group\":{},\"path\":\"/etc/hostname\",\"user\":{},\"contents\":{\"source\":\"data:text/plain;charset=utf-8;base64,Y29yZWRuc2NvcmVvczI=\",\"verification\":{}},\"mode\":420}]},\"systemd\":{}}",
                            "users.#": "2",
                            "users.0": "cd903caad49d4d1f5b832feb3f638e5114efbb56e88da948795d47fdff6b903a",
                            "users.1": "b6c7ee8b45e37a34b0f1d15d1fb283849472441ffb06ca2c9fb56148e05a07a7"
                        },
                        "meta": {},
                        "tainted": false
                    },
                    "deposed": [],
                    "provider": "provider.ignition"
                },
                "data.ignition_file.docker_daemon": {
                    "type": "ignition_file",
                    "depends_on": [],
                    "primary": {
                        "id": "adc83e571fd3c1a02891a32bcb94370a8820c403ad0446b3b9d48918691fbf7c",
                        "attributes": {
                            "content.#": "1",
                            "content.0.content": "{\n  \"registry-mirrors\": [\"http://192.168.8.1:5550\"],\n  \"bip\": \"192.168.6.1/24\"\n}\n",
                            "content.0.mime": "text/plain",
                            "filesystem": "root",
                            "id": "adc83e571fd3c1a02891a32bcb94370a8820c403ad0446b3b9d48918691fbf7c",
                            "mode": "420",
                            "path": "/etc/docker/daemon.json"
                        },
                        "meta": {},
                        "tainted": false
                    },
                    "deposed": [],
                    "provider": "provider.ignition"
                },
                "data.ignition_file.hostname.0": {
                    "type": "ignition_file",
                    "depends_on": [],
                    "primary": {
                        "id": "bf701aeb25227bf55858baa9f68e16c9c19b15e2bf1065348dc64d0b4dd6c2e9",
                        "attributes": {
                            "content.#": "1",
                            "content.0.content": "corednscoreos0",
                            "content.0.mime": "text/plain",
                            "filesystem": "root",
                            "id": "bf701aeb25227bf55858baa9f68e16c9c19b15e2bf1065348dc64d0b4dd6c2e9",
                            "mode": "420",
                            "path": "/etc/hostname"
                        },
                        "meta": {},
                        "tainted": false
                    },
                    "deposed": [],
                    "provider": "provider.ignition"
                },
                "data.ignition_file.hostname.1": {
                    "type": "ignition_file",
                    "depends_on": [],
                    "primary": {
                        "id": "c6e7a16a3b480d51145857c4ea2af75eebf38091fd26e74f2c8fb4ffb16b1213",
                        "attributes": {
                            "content.#": "1",
                            "content.0.content": "corednscoreos1",
                            "content.0.mime": "text/plain",
                            "filesystem": "root",
                            "id": "c6e7a16a3b480d51145857c4ea2af75eebf38091fd26e74f2c8fb4ffb16b1213",
                            "mode": "420",
                            "path": "/etc/hostname"
                        },
                        "meta": {},
                        "tainted": false
                    },
                    "deposed": [],
                    "provider": "provider.ignition"
                },
                "data.ignition_file.hostname.2": {
                    "type": "ignition_file",
                    "depends_on": [],
                    "primary": {
                        "id": "09c6e58b54e9da86867d2fd4a289c88f5a714829158e11fe6386e4fe78f7cd2e",
                        "attributes": {
                            "content.#": "1",
                            "content.0.content": "corednscoreos2",
                            "content.0.mime": "text/plain",
                            "filesystem": "root",
                            "id": "09c6e58b54e9da86867d2fd4a289c88f5a714829158e11fe6386e4fe78f7cd2e",
                            "mode": "420",
                            "path": "/etc/hostname"
                        },
                        "meta": {},
                        "tainted": false
                    },
                    "deposed": [],
                    "provider": "provider.ignition"
                },
                "data.ignition_networkd_unit.example.0": {
                    "type": "ignition_networkd_unit",
                    "depends_on": [],
                    "primary": {
                        "id": "2257ee94b21f52645c8354f86cbd76da7d596c98b4f508675327c3bb98a8f5ad",
                        "attributes": {
                            "content": "[Match]\nName=eth0\n\n[Network]\n  DNS=192.168.8.251\n\nAddress=192.168.8.251\nGateway=192.168.8.1\n",
                            "id": "2257ee94b21f52645c8354f86cbd76da7d596c98b4f508675327c3bb98a8f5ad",
                            "name": "00-eth0.network"
                        },
                        "meta": {},
                        "tainted": false
                    },
                    "deposed": [],
                    "provider": "provider.ignition"
                },
                "data.ignition_networkd_unit.example.1": {
                    "type": "ignition_networkd_unit",
                    "depends_on": [],
                    "primary": {
                        "id": "8e442afaca626ae2a0027a72b9efc1869e18a397b9f074f8ca3228e5aa071274",
                        "attributes": {
                            "content": "[Match]\nName=eth0\n\n[Network]\n  DNS=192.168.8.251\n\nAddress=192.168.8.252\nGateway=192.168.8.1\n",
                            "id": "8e442afaca626ae2a0027a72b9efc1869e18a397b9f074f8ca3228e5aa071274",
                            "name": "00-eth0.network"
                        },
                        "meta": {},
                        "tainted": false
                    },
                    "deposed": [],
                    "provider": "provider.ignition"
                },
                "data.ignition_networkd_unit.example.2": {
                    "type": "ignition_networkd_unit",
                    "depends_on": [],
                    "primary": {
                        "id": "20129ea66886c7fcea946be115d5d9152640b6e108434e2f68786f7c624c83ec",
                        "attributes": {
                            "content": "[Match]\nName=eth0\n\n[Network]\n  DNS=192.168.8.251\n\nAddress=192.168.8.253\nGateway=192.168.8.1\n",
                            "id": "20129ea66886c7fcea946be115d5d9152640b6e108434e2f68786f7c624c83ec",
                            "name": "00-eth0.network"
                        },
                        "meta": {},
                        "tainted": false
                    },
                    "deposed": [],
                    "provider": "provider.ignition"
                },
                "data.ignition_systemd_unit.docker_socket": {
                    "type": "ignition_systemd_unit",
                    "depends_on": [],
                    "primary": {
                        "id": "3a5789be8127e83e9c9761c5ce475801106e64ac44cdf264509ba6c5641f2ac3",
                        "attributes": {
                            "content": "[Unit]\nDescription=Docker Socket for the API\n\n[Socket]\nListenStream=2375\nService=docker.service\nBindIPv6Only=both\n\n[Install]\nWantedBy=sockets.target\n",
                            "enabled": "true",
                            "id": "3a5789be8127e83e9c9761c5ce475801106e64ac44cdf264509ba6c5641f2ac3",
                            "name": "docker-tcp.socket"
                        },
                        "meta": {},
                        "tainted": false
                    },
                    "deposed": [],
                    "provider": "provider.ignition"
                },
                "data.ignition_systemd_unit.etcd_service_unit": {
                    "type": "ignition_systemd_unit",
                    "depends_on": [],
                    "primary": {
                        "id": "d13e1d9dfa6c1543a07952e78f094cfecc4b841571df1171c18f911c0e391427",
                        "attributes": {
                            "dropin.#": "1",
                            "dropin.0.content": "[Unit]\nRequires=coreos-metadata.service\nAfter=coreos-metadata.service\n\n[Service]\nEnvironmentFile=/run/metadata/coreos\nExecStart=\n  ExecStart=/usr/lib/coreos/etcd-wrapper $ETCD_OPTS\n  --name=\"corednscoreos0\"\n  --listen-peer-urls=\"http://192.168.8.251:2380\"\n  --listen-client-urls=\"http://0.0.0.0:2379\"\n  --initial-advertise-peer-urls=\"http://192.168.8.251:2380\"\n  --advertise-client-urls=\"http://192.168.8.251:2379\"\n\n  --initial-cluster-token=\"etcd-cluster-1\"\n  --initial-cluster=\"infra0=http://192.168.8.252:2380,infra1=http://192.168.8.253:2380\"\n  --initial-cluster-state=\"new\"\n",
                            "dropin.0.name": "20-clct-etcd-member.conf",
                            "enabled": "true",
                            "id": "d13e1d9dfa6c1543a07952e78f094cfecc4b841571df1171c18f911c0e391427",
                            "name": "etcd-member.service"
                        },
                        "meta": {},
                        "tainted": false
                    },
                    "deposed": [],
                    "provider": "provider.ignition"
                },
                "data.ignition_systemd_unit.flannel_service_unit": {
                    "type": "ignition_systemd_unit",
                    "depends_on": [],
                    "primary": {
                        "id": "e85cec48e9f2dc61ffe0ff4c46a2f374f31a08566882f465c2f6385aeaf080c8",
                        "attributes": {
                            "dropin.#": "1",
                            "dropin.0.content": "[Service]\nExecStart=\nExecStart=/usr/lib/coreos/flannel-wrapper $FLANNEL_OPTS \\\n  --etcd-prefix=\"/flannel/network\"\n",
                            "dropin.0.name": "20-clct-flannel.conf",
                            "enabled": "true",
                            "id": "e85cec48e9f2dc61ffe0ff4c46a2f374f31a08566882f465c2f6385aeaf080c8",
                            "name": "flanneld.service"
                        },
                        "meta": {},
                        "tainted": false
                    },
                    "deposed": [],
                    "provider": "provider.ignition"
                },
                "data.ignition_systemd_unit.flannel_service_unit2": {
                    "type": "ignition_systemd_unit",
                    "depends_on": [],
                    "primary": {
                        "id": "d4b6f2179d42d3f397724321a55034a6774bacbb0dd4a629c0531f061db716c6",
                        "attributes": {
                            "dropin.#": "1",
                            "dropin.0.content": "[Service]\nExecStartPre=/usr/bin/etcdctl set /flannel/network/config '{ \"Network\": \"10.1.0.0/16\" }'\n",
                            "dropin.0.name": "50-network-config.conf",
                            "enabled": "true",
                            "id": "d4b6f2179d42d3f397724321a55034a6774bacbb0dd4a629c0531f061db716c6",
                            "name": "flanneld.service"
                        },
                        "meta": {},
                        "tainted": false
                    },
                    "deposed": [],
                    "provider": "provider.ignition"
                },
                "data.ignition_user.core_user": {
                    "type": "ignition_user",
                    "depends_on": [],
                    "primary": {
                        "id": "b6c7ee8b45e37a34b0f1d15d1fb283849472441ffb06ca2c9fb56148e05a07a7",
                        "attributes": {
                            "id": "b6c7ee8b45e37a34b0f1d15d1fb283849472441ffb06ca2c9fb56148e05a07a7",
                            "name": "core",
                            "password_hash": "$1$xyz$5g8MbFX.qpsReBdkZF5st1",
                            "ssh_authorized_keys.#": "1",
                            "ssh_authorized_keys.0": "ssh-rsa AAAAB3NzaC1yc2EAAAADAQABAAACAQDEqT/AMSxWAuiANUlq7Z7gwDTsMC3xJYIwJ+JDDau/sH5XvFFQbnyM355cMu73oN9flIIEa0VmfLk9K56hRvul+dacDfZrTWgQ+CoUywennrsY4ZHwGwRvu6YPcJtzrZ0F1oqyhBmkqcb0QK05dyWOXgGBjibwLMHK2K/VUfYL/V8kg0c67J90IuV6i8F06tI1qd/0bm9qznsR7bQWUaQbhCY6D7x+4EXn03YpjwmNQXaHbET7RoOYJeVzxQn5pF6ViFnuB1Hi/R3DPOwKxgKhHd+0ts49YuyPq/Xy/OvB/+8jHpiuvwy3j2Uiw8IyXZd3yyCOZV/Iv0/Hn+jt9t6XjhODP/Ala4+ne0C31odljJSw0AuYZL6Y0Snaj8sVl6WPLF5wCi3EgvYzv2/eI+Zq3nCkA4rODbUY7OlrfSH7tdu/L8SUO8oLOk5pHY/R/VDhktnG+JfK2R7bZYui4GO9HHWTLLSvpO1yGXBHusUDW4zdfpJzdHVgrg06/5Uu/D5SfFXs52ngWEcoZxznIu+DoIrs5C4bhAAy68PS7fKioPCOheuUPuMhQe6GtZvZtGPIl2lJX1+DfuEfJmidv8EbAk5NcX8c+XqtcnUa97l4gOBN2I3wXXjoKlT/qQsld1Bt+q9W4xA08IC/IP3+amysL/uWGapRu+dN/ZR9u1y0BQ== muller.rafael@gmail.com"
                        },
                        "meta": {},
                        "tainted": false
                    },
                    "deposed": [],
                    "provider": "provider.ignition"
                },
                "data.ignition_user.root_user": {
                    "type": "ignition_user",
                    "depends_on": [],
                    "primary": {
                        "id": "cd903caad49d4d1f5b832feb3f638e5114efbb56e88da948795d47fdff6b903a",
                        "attributes": {
                            "id": "cd903caad49d4d1f5b832feb3f638e5114efbb56e88da948795d47fdff6b903a",
                            "name": "root",
                            "password_hash": "$1$xyz$5g8MbFX.qpsReBdkZF5st1",
                            "ssh_authorized_keys.#": "1",
                            "ssh_authorized_keys.0": "ssh-rsa AAAAB3NzaC1yc2EAAAADAQABAAACAQDEqT/AMSxWAuiANUlq7Z7gwDTsMC3xJYIwJ+JDDau/sH5XvFFQbnyM355cMu73oN9flIIEa0VmfLk9K56hRvul+dacDfZrTWgQ+CoUywennrsY4ZHwGwRvu6YPcJtzrZ0F1oqyhBmkqcb0QK05dyWOXgGBjibwLMHK2K/VUfYL/V8kg0c67J90IuV6i8F06tI1qd/0bm9qznsR7bQWUaQbhCY6D7x+4EXn03YpjwmNQXaHbET7RoOYJeVzxQn5pF6ViFnuB1Hi/R3DPOwKxgKhHd+0ts49YuyPq/Xy/OvB/+8jHpiuvwy3j2Uiw8IyXZd3yyCOZV/Iv0/Hn+jt9t6XjhODP/Ala4+ne0C31odljJSw0AuYZL6Y0Snaj8sVl6WPLF5wCi3EgvYzv2/eI+Zq3nCkA4rODbUY7OlrfSH7tdu/L8SUO8oLOk5pHY/R/VDhktnG+JfK2R7bZYui4GO9HHWTLLSvpO1yGXBHusUDW4zdfpJzdHVgrg06/5Uu/D5SfFXs52ngWEcoZxznIu+DoIrs5C4bhAAy68PS7fKioPCOheuUPuMhQe6GtZvZtGPIl2lJX1+DfuEfJmidv8EbAk5NcX8c+XqtcnUa97l4gOBN2I3wXXjoKlT/qQsld1Bt+q9W4xA08IC/IP3+amysL/uWGapRu+dN/ZR9u1y0BQ== muller.rafael@gmail.com"
                        },
                        "meta": {},
                        "tainted": false
                    },
                    "deposed": [],
                    "provider": "provider.ignition"
                },
                "libvirt_domain.my_machine.0": {
                    "type": "libvirt_domain",
                    "depends_on": [
                        "libvirt_ignition.ignition.*",
                        "libvirt_network.net_iface_0",
                        "libvirt_volume.additional_disks.*",
                        "libvirt_volume.main_disks.*"
                    ],
                    "primary": {
                        "id": "d6e29e2e-0efc-4498-9e17-0548beda1a42",
                        "attributes": {
                            "arch": "x86_64",
                            "autostart": "false",
                            "cmdline.#": "0",
                            "coreos_ignition": "/var/lib/libvirt/images/ignition-0;5b30e97d-d569-4f48-f1b1-f910c8df2487",
                            "disk.#": "2",
                            "disk.0.file": "",
                            "disk.0.scsi": "false",
                            "disk.0.url": "",
                            "disk.0.volume_id": "/var/lib/libvirt/images/coredns_OS_0.qcow2",
                            "disk.0.wwn": "",
                            "disk.1.file": "",
                            "disk.1.scsi": "false",
                            "disk.1.url": "",
                            "disk.1.volume_id": "/var/lib/libvirt/images/coredns_disk_0.qcow2",
                            "disk.1.wwn": "",
                            "emulator": "/usr/bin/kvm-spice",
                            "firmware": "",
                            "id": "d6e29e2e-0efc-4498-9e17-0548beda1a42",
                            "initrd": "",
                            "kernel": "",
                            "machine": "ubuntu",
                            "memory": "1024",
                            "name": "coredns_coreos-0",
                            "network_interface.#": "1",
                            "network_interface.0.addresses.#": "0",
                            "network_interface.0.bridge": "",
                            "network_interface.0.hostname": "",
                            "network_interface.0.mac": "E2:AD:00:81:52:C8",
                            "network_interface.0.macvtap": "",
                            "network_interface.0.network_id": "561dfbac-d7da-45db-a270-ecc75d8c2a98",
                            "network_interface.0.network_name": "coredns_net",
                            "network_interface.0.passthrough": "",
                            "network_interface.0.vepa": "",
                            "network_interface.0.wait_for_lease": "false",
                            "nvram.#": "0",
                            "running": "true",
                            "vcpu": "2"
                        },
                        "meta": {
                            "e2bfb730-ecaa-11e6-8f88-34363bc7c4c0": {
                                "create": 300000000000
                            }
                        },
                        "tainted": false
                    },
                    "deposed": [],
                    "provider": "provider.libvirt"
                },
                "libvirt_domain.my_machine.1": {
                    "type": "libvirt_domain",
                    "depends_on": [
                        "libvirt_ignition.ignition.*",
                        "libvirt_network.net_iface_0",
                        "libvirt_volume.additional_disks.*",
                        "libvirt_volume.main_disks.*"
                    ],
                    "primary": {
                        "id": "de80840e-ee7e-46f4-9c2e-fe1e870c08c3",
                        "attributes": {
                            "arch": "x86_64",
                            "autostart": "false",
                            "cmdline.#": "0",
                            "coreos_ignition": "/var/lib/libvirt/images/ignition-1;5b30e97c-ebed-c430-1921-b1cf246215c8",
                            "disk.#": "2",
                            "disk.0.file": "",
                            "disk.0.scsi": "false",
                            "disk.0.url": "",
                            "disk.0.volume_id": "/var/lib/libvirt/images/coredns_OS_1.qcow2",
                            "disk.0.wwn": "",
                            "disk.1.file": "",
                            "disk.1.scsi": "false",
                            "disk.1.url": "",
                            "disk.1.volume_id": "/var/lib/libvirt/images/coredns_disk_1.qcow2",
                            "disk.1.wwn": "",
                            "emulator": "/usr/bin/kvm-spice",
                            "firmware": "",
                            "id": "de80840e-ee7e-46f4-9c2e-fe1e870c08c3",
                            "initrd": "",
                            "kernel": "",
                            "machine": "ubuntu",
                            "memory": "1024",
                            "name": "coredns_coreos-1",
                            "network_interface.#": "1",
                            "network_interface.0.addresses.#": "0",
                            "network_interface.0.bridge": "",
                            "network_interface.0.hostname": "",
                            "network_interface.0.mac": "2A:94:E0:9E:6F:82",
                            "network_interface.0.macvtap": "",
                            "network_interface.0.network_id": "561dfbac-d7da-45db-a270-ecc75d8c2a98",
                            "network_interface.0.network_name": "coredns_net",
                            "network_interface.0.passthrough": "",
                            "network_interface.0.vepa": "",
                            "network_interface.0.wait_for_lease": "false",
                            "nvram.#": "0",
                            "running": "true",
                            "vcpu": "2"
                        },
                        "meta": {
                            "e2bfb730-ecaa-11e6-8f88-34363bc7c4c0": {
                                "create": 300000000000
                            }
                        },
                        "tainted": false
                    },
                    "deposed": [],
                    "provider": "provider.libvirt"
                },
                "libvirt_domain.my_machine.2": {
                    "type": "libvirt_domain",
                    "depends_on": [
                        "libvirt_ignition.ignition.*",
                        "libvirt_network.net_iface_0",
                        "libvirt_volume.additional_disks.*",
                        "libvirt_volume.main_disks.*"
                    ],
                    "primary": {
                        "id": "2d256441-de9d-49b8-a322-d9d2dd403b98",
                        "attributes": {
                            "arch": "x86_64",
                            "autostart": "false",
                            "cmdline.#": "0",
                            "coreos_ignition": "/var/lib/libvirt/images/ignition-2;5b30e97d-bd6a-5a81-bc51-3c51d315dafa",
                            "disk.#": "2",
                            "disk.0.file": "",
                            "disk.0.scsi": "false",
                            "disk.0.url": "",
                            "disk.0.volume_id": "/var/lib/libvirt/images/coredns_OS_2.qcow2",
                            "disk.0.wwn": "",
                            "disk.1.file": "",
                            "disk.1.scsi": "false",
                            "disk.1.url": "",
                            "disk.1.volume_id": "/var/lib/libvirt/images/coredns_disk_2.qcow2",
                            "disk.1.wwn": "",
                            "emulator": "/usr/bin/kvm-spice",
                            "firmware": "",
                            "id": "2d256441-de9d-49b8-a322-d9d2dd403b98",
                            "initrd": "",
                            "kernel": "",
                            "machine": "ubuntu",
                            "memory": "1024",
                            "name": "coredns_coreos-2",
                            "network_interface.#": "1",
                            "network_interface.0.addresses.#": "0",
                            "network_interface.0.bridge": "",
                            "network_interface.0.hostname": "",
                            "network_interface.0.mac": "06:BE:E2:F1:A8:F2",
                            "network_interface.0.macvtap": "",
                            "network_interface.0.network_id": "561dfbac-d7da-45db-a270-ecc75d8c2a98",
                            "network_interface.0.network_name": "coredns_net",
                            "network_interface.0.passthrough": "",
                            "network_interface.0.vepa": "",
                            "network_interface.0.wait_for_lease": "false",
                            "nvram.#": "0",
                            "running": "true",
                            "vcpu": "2"
                        },
                        "meta": {
                            "e2bfb730-ecaa-11e6-8f88-34363bc7c4c0": {
                                "create": 300000000000
                            }
                        },
                        "tainted": false
                    },
                    "deposed": [],
                    "provider": "provider.libvirt"
                },
                "libvirt_ignition.ignition.0": {
                    "type": "libvirt_ignition",
                    "depends_on": [
                        "data.ignition_config.example.*"
                    ],
                    "primary": {
                        "id": "/var/lib/libvirt/images/ignition-0;5b30e97d-d569-4f48-f1b1-f910c8df2487",
                        "attributes": {
                            "content": "{\"ignition\":{\"config\":{},\"timeouts\":{},\"version\":\"2.1.0\"},\"networkd\":{\"units\":[{\"contents\":\"[Match]\\nName=eth0\\n\\n[Network]\\n  DNS=192.168.8.251\\n\\nAddress=192.168.8.251\\nGateway=192.168.8.1\\n\",\"name\":\"00-eth0.network\"}]},\"passwd\":{\"users\":[{\"name\":\"root\",\"passwordHash\":\"$1$xyz$5g8MbFX.qpsReBdkZF5st1\",\"sshAuthorizedKeys\":[\"ssh-rsa AAAAB3NzaC1yc2EAAAADAQABAAACAQDEqT/AMSxWAuiANUlq7Z7gwDTsMC3xJYIwJ+JDDau/sH5XvFFQbnyM355cMu73oN9flIIEa0VmfLk9K56hRvul+dacDfZrTWgQ+CoUywennrsY4ZHwGwRvu6YPcJtzrZ0F1oqyhBmkqcb0QK05dyWOXgGBjibwLMHK2K/VUfYL/V8kg0c67J90IuV6i8F06tI1qd/0bm9qznsR7bQWUaQbhCY6D7x+4EXn03YpjwmNQXaHbET7RoOYJeVzxQn5pF6ViFnuB1Hi/R3DPOwKxgKhHd+0ts49YuyPq/Xy/OvB/+8jHpiuvwy3j2Uiw8IyXZd3yyCOZV/Iv0/Hn+jt9t6XjhODP/Ala4+ne0C31odljJSw0AuYZL6Y0Snaj8sVl6WPLF5wCi3EgvYzv2/eI+Zq3nCkA4rODbUY7OlrfSH7tdu/L8SUO8oLOk5pHY/R/VDhktnG+JfK2R7bZYui4GO9HHWTLLSvpO1yGXBHusUDW4zdfpJzdHVgrg06/5Uu/D5SfFXs52ngWEcoZxznIu+DoIrs5C4bhAAy68PS7fKioPCOheuUPuMhQe6GtZvZtGPIl2lJX1+DfuEfJmidv8EbAk5NcX8c+XqtcnUa97l4gOBN2I3wXXjoKlT/qQsld1Bt+q9W4xA08IC/IP3+amysL/uWGapRu+dN/ZR9u1y0BQ== muller.rafael@gmail.com\"]},{\"name\":\"core\",\"passwordHash\":\"$1$xyz$5g8MbFX.qpsReBdkZF5st1\",\"sshAuthorizedKeys\":[\"ssh-rsa AAAAB3NzaC1yc2EAAAADAQABAAACAQDEqT/AMSxWAuiANUlq7Z7gwDTsMC3xJYIwJ+JDDau/sH5XvFFQbnyM355cMu73oN9flIIEa0VmfLk9K56hRvul+dacDfZrTWgQ+CoUywennrsY4ZHwGwRvu6YPcJtzrZ0F1oqyhBmkqcb0QK05dyWOXgGBjibwLMHK2K/VUfYL/V8kg0c67J90IuV6i8F06tI1qd/0bm9qznsR7bQWUaQbhCY6D7x+4EXn03YpjwmNQXaHbET7RoOYJeVzxQn5pF6ViFnuB1Hi/R3DPOwKxgKhHd+0ts49YuyPq/Xy/OvB/+8jHpiuvwy3j2Uiw8IyXZd3yyCOZV/Iv0/Hn+jt9t6XjhODP/Ala4+ne0C31odljJSw0AuYZL6Y0Snaj8sVl6WPLF5wCi3EgvYzv2/eI+Zq3nCkA4rODbUY7OlrfSH7tdu/L8SUO8oLOk5pHY/R/VDhktnG+JfK2R7bZYui4GO9HHWTLLSvpO1yGXBHusUDW4zdfpJzdHVgrg06/5Uu/D5SfFXs52ngWEcoZxznIu+DoIrs5C4bhAAy68PS7fKioPCOheuUPuMhQe6GtZvZtGPIl2lJX1+DfuEfJmidv8EbAk5NcX8c+XqtcnUa97l4gOBN2I3wXXjoKlT/qQsld1Bt+q9W4xA08IC/IP3+amysL/uWGapRu+dN/ZR9u1y0BQ== muller.rafael@gmail.com\"]}]},\"storage\":{\"files\":[{\"filesystem\":\"root\",\"group\":{},\"path\":\"/etc/hostname\",\"user\":{},\"contents\":{\"source\":\"data:text/plain;charset=utf-8;base64,Y29yZWRuc2NvcmVvczA=\",\"verification\":{}},\"mode\":420}]},\"systemd\":{}}",
                            "id": "/var/lib/libvirt/images/ignition-0;5b30e97d-d569-4f48-f1b1-f910c8df2487",
                            "name": "ignition-0",
                            "pool": "default"
                        },
                        "meta": {},
                        "tainted": false
                    },
                    "deposed": [],
                    "provider": "provider.libvirt"
                },
                "libvirt_ignition.ignition.1": {
                    "type": "libvirt_ignition",
                    "depends_on": [
                        "data.ignition_config.example.*"
                    ],
                    "primary": {
                        "id": "/var/lib/libvirt/images/ignition-1;5b30e97c-ebed-c430-1921-b1cf246215c8",
                        "attributes": {
                            "content": "{\"ignition\":{\"config\":{},\"timeouts\":{},\"version\":\"2.1.0\"},\"networkd\":{\"units\":[{\"contents\":\"[Match]\\nName=eth0\\n\\n[Network]\\n  DNS=192.168.8.251\\n\\nAddress=192.168.8.252\\nGateway=192.168.8.1\\n\",\"name\":\"00-eth0.network\"}]},\"passwd\":{\"users\":[{\"name\":\"root\",\"passwordHash\":\"$1$xyz$5g8MbFX.qpsReBdkZF5st1\",\"sshAuthorizedKeys\":[\"ssh-rsa AAAAB3NzaC1yc2EAAAADAQABAAACAQDEqT/AMSxWAuiANUlq7Z7gwDTsMC3xJYIwJ+JDDau/sH5XvFFQbnyM355cMu73oN9flIIEa0VmfLk9K56hRvul+dacDfZrTWgQ+CoUywennrsY4ZHwGwRvu6YPcJtzrZ0F1oqyhBmkqcb0QK05dyWOXgGBjibwLMHK2K/VUfYL/V8kg0c67J90IuV6i8F06tI1qd/0bm9qznsR7bQWUaQbhCY6D7x+4EXn03YpjwmNQXaHbET7RoOYJeVzxQn5pF6ViFnuB1Hi/R3DPOwKxgKhHd+0ts49YuyPq/Xy/OvB/+8jHpiuvwy3j2Uiw8IyXZd3yyCOZV/Iv0/Hn+jt9t6XjhODP/Ala4+ne0C31odljJSw0AuYZL6Y0Snaj8sVl6WPLF5wCi3EgvYzv2/eI+Zq3nCkA4rODbUY7OlrfSH7tdu/L8SUO8oLOk5pHY/R/VDhktnG+JfK2R7bZYui4GO9HHWTLLSvpO1yGXBHusUDW4zdfpJzdHVgrg06/5Uu/D5SfFXs52ngWEcoZxznIu+DoIrs5C4bhAAy68PS7fKioPCOheuUPuMhQe6GtZvZtGPIl2lJX1+DfuEfJmidv8EbAk5NcX8c+XqtcnUa97l4gOBN2I3wXXjoKlT/qQsld1Bt+q9W4xA08IC/IP3+amysL/uWGapRu+dN/ZR9u1y0BQ== muller.rafael@gmail.com\"]},{\"name\":\"core\",\"passwordHash\":\"$1$xyz$5g8MbFX.qpsReBdkZF5st1\",\"sshAuthorizedKeys\":[\"ssh-rsa AAAAB3NzaC1yc2EAAAADAQABAAACAQDEqT/AMSxWAuiANUlq7Z7gwDTsMC3xJYIwJ+JDDau/sH5XvFFQbnyM355cMu73oN9flIIEa0VmfLk9K56hRvul+dacDfZrTWgQ+CoUywennrsY4ZHwGwRvu6YPcJtzrZ0F1oqyhBmkqcb0QK05dyWOXgGBjibwLMHK2K/VUfYL/V8kg0c67J90IuV6i8F06tI1qd/0bm9qznsR7bQWUaQbhCY6D7x+4EXn03YpjwmNQXaHbET7RoOYJeVzxQn5pF6ViFnuB1Hi/R3DPOwKxgKhHd+0ts49YuyPq/Xy/OvB/+8jHpiuvwy3j2Uiw8IyXZd3yyCOZV/Iv0/Hn+jt9t6XjhODP/Ala4+ne0C31odljJSw0AuYZL6Y0Snaj8sVl6WPLF5wCi3EgvYzv2/eI+Zq3nCkA4rODbUY7OlrfSH7tdu/L8SUO8oLOk5pHY/R/VDhktnG+JfK2R7bZYui4GO9HHWTLLSvpO1yGXBHusUDW4zdfpJzdHVgrg06/5Uu/D5SfFXs52ngWEcoZxznIu+DoIrs5C4bhAAy68PS7fKioPCOheuUPuMhQe6GtZvZtGPIl2lJX1+DfuEfJmidv8EbAk5NcX8c+XqtcnUa97l4gOBN2I3wXXjoKlT/qQsld1Bt+q9W4xA08IC/IP3+amysL/uWGapRu+dN/ZR9u1y0BQ== muller.rafael@gmail.com\"]}]},\"storage\":{\"files\":[{\"filesystem\":\"root\",\"group\":{},\"path\":\"/etc/hostname\",\"user\":{},\"contents\":{\"source\":\"data:text/plain;charset=utf-8;base64,Y29yZWRuc2NvcmVvczE=\",\"verification\":{}},\"mode\":420}]},\"systemd\":{}}",
                            "id": "/var/lib/libvirt/images/ignition-1;5b30e97c-ebed-c430-1921-b1cf246215c8",
                            "name": "ignition-1",
                            "pool": "default"
                        },
                        "meta": {},
                        "tainted": false
                    },
                    "deposed": [],
                    "provider": "provider.libvirt"
                },
                "libvirt_ignition.ignition.2": {
                    "type": "libvirt_ignition",
                    "depends_on": [
                        "data.ignition_config.example.*"
                    ],
                    "primary": {
                        "id": "/var/lib/libvirt/images/ignition-2;5b30e97d-bd6a-5a81-bc51-3c51d315dafa",
                        "attributes": {
                            "content": "{\"ignition\":{\"config\":{},\"timeouts\":{},\"version\":\"2.1.0\"},\"networkd\":{\"units\":[{\"contents\":\"[Match]\\nName=eth0\\n\\n[Network]\\n  DNS=192.168.8.251\\n\\nAddress=192.168.8.253\\nGateway=192.168.8.1\\n\",\"name\":\"00-eth0.network\"}]},\"passwd\":{\"users\":[{\"name\":\"root\",\"passwordHash\":\"$1$xyz$5g8MbFX.qpsReBdkZF5st1\",\"sshAuthorizedKeys\":[\"ssh-rsa AAAAB3NzaC1yc2EAAAADAQABAAACAQDEqT/AMSxWAuiANUlq7Z7gwDTsMC3xJYIwJ+JDDau/sH5XvFFQbnyM355cMu73oN9flIIEa0VmfLk9K56hRvul+dacDfZrTWgQ+CoUywennrsY4ZHwGwRvu6YPcJtzrZ0F1oqyhBmkqcb0QK05dyWOXgGBjibwLMHK2K/VUfYL/V8kg0c67J90IuV6i8F06tI1qd/0bm9qznsR7bQWUaQbhCY6D7x+4EXn03YpjwmNQXaHbET7RoOYJeVzxQn5pF6ViFnuB1Hi/R3DPOwKxgKhHd+0ts49YuyPq/Xy/OvB/+8jHpiuvwy3j2Uiw8IyXZd3yyCOZV/Iv0/Hn+jt9t6XjhODP/Ala4+ne0C31odljJSw0AuYZL6Y0Snaj8sVl6WPLF5wCi3EgvYzv2/eI+Zq3nCkA4rODbUY7OlrfSH7tdu/L8SUO8oLOk5pHY/R/VDhktnG+JfK2R7bZYui4GO9HHWTLLSvpO1yGXBHusUDW4zdfpJzdHVgrg06/5Uu/D5SfFXs52ngWEcoZxznIu+DoIrs5C4bhAAy68PS7fKioPCOheuUPuMhQe6GtZvZtGPIl2lJX1+DfuEfJmidv8EbAk5NcX8c+XqtcnUa97l4gOBN2I3wXXjoKlT/qQsld1Bt+q9W4xA08IC/IP3+amysL/uWGapRu+dN/ZR9u1y0BQ== muller.rafael@gmail.com\"]},{\"name\":\"core\",\"passwordHash\":\"$1$xyz$5g8MbFX.qpsReBdkZF5st1\",\"sshAuthorizedKeys\":[\"ssh-rsa AAAAB3NzaC1yc2EAAAADAQABAAACAQDEqT/AMSxWAuiANUlq7Z7gwDTsMC3xJYIwJ+JDDau/sH5XvFFQbnyM355cMu73oN9flIIEa0VmfLk9K56hRvul+dacDfZrTWgQ+CoUywennrsY4ZHwGwRvu6YPcJtzrZ0F1oqyhBmkqcb0QK05dyWOXgGBjibwLMHK2K/VUfYL/V8kg0c67J90IuV6i8F06tI1qd/0bm9qznsR7bQWUaQbhCY6D7x+4EXn03YpjwmNQXaHbET7RoOYJeVzxQn5pF6ViFnuB1Hi/R3DPOwKxgKhHd+0ts49YuyPq/Xy/OvB/+8jHpiuvwy3j2Uiw8IyXZd3yyCOZV/Iv0/Hn+jt9t6XjhODP/Ala4+ne0C31odljJSw0AuYZL6Y0Snaj8sVl6WPLF5wCi3EgvYzv2/eI+Zq3nCkA4rODbUY7OlrfSH7tdu/L8SUO8oLOk5pHY/R/VDhktnG+JfK2R7bZYui4GO9HHWTLLSvpO1yGXBHusUDW4zdfpJzdHVgrg06/5Uu/D5SfFXs52ngWEcoZxznIu+DoIrs5C4bhAAy68PS7fKioPCOheuUPuMhQe6GtZvZtGPIl2lJX1+DfuEfJmidv8EbAk5NcX8c+XqtcnUa97l4gOBN2I3wXXjoKlT/qQsld1Bt+q9W4xA08IC/IP3+amysL/uWGapRu+dN/ZR9u1y0BQ== muller.rafael@gmail.com\"]}]},\"storage\":{\"files\":[{\"filesystem\":\"root\",\"group\":{},\"path\":\"/etc/hostname\",\"user\":{},\"contents\":{\"source\":\"data:text/plain;charset=utf-8;base64,Y29yZWRuc2NvcmVvczI=\",\"verification\":{}},\"mode\":420}]},\"systemd\":{}}",
                            "id": "/var/lib/libvirt/images/ignition-2;5b30e97d-bd6a-5a81-bc51-3c51d315dafa",
                            "name": "ignition-2",
                            "pool": "default"
                        },
                        "meta": {},
                        "tainted": false
                    },
                    "deposed": [],
                    "provider": "provider.libvirt"
                },
                "libvirt_network.net_iface_0": {
                    "type": "libvirt_network",
                    "depends_on": [],
                    "primary": {
                        "id": "561dfbac-d7da-45db-a270-ecc75d8c2a98",
                        "attributes": {
                            "addresses.#": "1",
                            "addresses.0": "192.168.8.0/24",
                            "autostart": "false",
                            "bridge": "virbr2",
                            "domain": "k8s.local",
                            "id": "561dfbac-d7da-45db-a270-ecc75d8c2a98",
                            "mode": "route",
                            "name": "coredns_net"
                        },
                        "meta": {},
                        "tainted": false
                    },
                    "deposed": [],
                    "provider": "provider.libvirt"
                },
                "libvirt_volume.additional_disks.0": {
                    "type": "libvirt_volume",
                    "depends_on": [],
                    "primary": {
                        "id": "/var/lib/libvirt/images/coredns_disk_0.qcow2",
                        "attributes": {
                            "id": "/var/lib/libvirt/images/coredns_disk_0.qcow2",
                            "name": "coredns_disk_0.qcow2",
                            "pool": "default",
                            "size": "10000000000"
                        },
                        "meta": {},
                        "tainted": false
                    },
                    "deposed": [],
                    "provider": "provider.libvirt"
                },
                "libvirt_volume.additional_disks.1": {
                    "type": "libvirt_volume",
                    "depends_on": [],
                    "primary": {
                        "id": "/var/lib/libvirt/images/coredns_disk_1.qcow2",
                        "attributes": {
                            "id": "/var/lib/libvirt/images/coredns_disk_1.qcow2",
                            "name": "coredns_disk_1.qcow2",
                            "pool": "default",
                            "size": "10000000000"
                        },
                        "meta": {},
                        "tainted": false
                    },
                    "deposed": [],
                    "provider": "provider.libvirt"
                },
                "libvirt_volume.additional_disks.2": {
                    "type": "libvirt_volume",
                    "depends_on": [],
                    "primary": {
                        "id": "/var/lib/libvirt/images/coredns_disk_2.qcow2",
                        "attributes": {
                            "id": "/var/lib/libvirt/images/coredns_disk_2.qcow2",
                            "name": "coredns_disk_2.qcow2",
                            "pool": "default",
                            "size": "10000000000"
                        },
                        "meta": {},
                        "tainted": false
                    },
                    "deposed": [],
                    "provider": "provider.libvirt"
                },
                "libvirt_volume.coreos_stable_img": {
                    "type": "libvirt_volume",
                    "depends_on": [],
                    "primary": {
                        "id": "/var/lib/libvirt/images/coreos_stable_img",
                        "attributes": {
                            "id": "/var/lib/libvirt/images/coreos_stable_img",
                            "name": "coreos_stable_img",
                            "pool": "default",
                            "size": "9116319744",
                            "source": "/home/rafael/Downloads/coreos_production_qemu_image.img"
                        },
                        "meta": {},
                        "tainted": false
                    },
                    "deposed": [],
                    "provider": "provider.libvirt"
                },
                "libvirt_volume.main_disks.0": {
                    "type": "libvirt_volume",
                    "depends_on": [
                        "libvirt_volume.coreos_stable_img"
                    ],
                    "primary": {
                        "id": "/var/lib/libvirt/images/coredns_OS_0.qcow2",
                        "attributes": {
                            "base_volume_id": "/var/lib/libvirt/images/coreos_stable_img",
                            "id": "/var/lib/libvirt/images/coredns_OS_0.qcow2",
                            "name": "coredns_OS_0.qcow2",
                            "pool": "default",
                            "size": "9116319744"
                        },
                        "meta": {},
                        "tainted": false
                    },
                    "deposed": [],
                    "provider": "provider.libvirt"
                },
                "libvirt_volume.main_disks.1": {
                    "type": "libvirt_volume",
                    "depends_on": [
                        "libvirt_volume.coreos_stable_img"
                    ],
                    "primary": {
                        "id": "/var/lib/libvirt/images/coredns_OS_1.qcow2",
                        "attributes": {
                            "base_volume_id": "/var/lib/libvirt/images/coreos_stable_img",
                            "id": "/var/lib/libvirt/images/coredns_OS_1.qcow2",
                            "name": "coredns_OS_1.qcow2",
                            "pool": "default",
                            "size": "9116319744"
                        },
                        "meta": {},
                        "tainted": false
                    },
                    "deposed": [],
                    "provider": "provider.libvirt"
                },
                "libvirt_volume.main_disks.2": {
                    "type": "libvirt_volume",
                    "depends_on": [
                        "libvirt_volume.coreos_stable_img"
                    ],
                    "primary": {
                        "id": "/var/lib/libvirt/images/coredns_OS_2.qcow2",
                        "attributes": {
                            "base_volume_id": "/var/lib/libvirt/images/coreos_stable_img",
                            "id": "/var/lib/libvirt/images/coredns_OS_2.qcow2",
                            "name": "coredns_OS_2.qcow2",
                            "pool": "default",
                            "size": "9116319744"
                        },
                        "meta": {},
                        "tainted": false
                    },
                    "deposed": [],
                    "provider": "provider.libvirt"
                },
                "tls_cert_request.client": {
                    "type": "tls_cert_request",
                    "depends_on": [
                        "tls_private_key.client"
                    ],
                    "primary": {
                        "id": "46261547c2b3527ca90097acf1f91509c5ec64ca",
                        "attributes": {
                            "cert_request_pem": "-----BEGIN CERTIFICATE REQUEST-----\nMIIDJTCCAg0CAQAwJTENMAsGA1UEChMEZXRjZDEUMBIGA1UEAxMLZXRjZC1jbGll\nbnQwggEiMA0GCSqGSIb3DQEBAQUAA4IBDwAwggEKAoIBAQC1OSgx6hQHXb52gJe7\n5/ZA6/rBZCdezIrWoyY3EHzKdDVOw13Pc55vNQAtGR2238JxhM8LNKy8jJinZrad\nNiX7Zh+EQ0ndvvh7cMQELBMilkqk0dG5lYKRGspfvQed/4bIxaeiNstEOhdr7obt\nWOwHORbzRQnMhk9hw5Zpne/TaJRWyJne4hHGmY6SK4Lt+sajKhIS1cIOv4eDQKc8\n1Y8xhrgBdPQWsweQDVINlb36imvwa3nk7MW0Lh9cVWsrT/8xSiJtXkH7Qa0RVsy9\niESeA0NiflpZQ3hEUJh2/ZQHpihco2tCOet5YCSg/4qVRfTSN1TqQSZ9zoE/TrK3\nacmBAgMBAAGggbowgbcGCSqGSIb3DQEJDjGBqTCBpjCBowYDVR0RBIGbMIGYgiQk\nJHtlbGVtZW50KHZhci52bV9pcHMsIGNvdW50LmluZGV4KX2CCWxvY2FsaG9zdIIp\nKi5rdWJlLWV0Y2Qua3ViZS1zeXN0ZW0uc3ZjLmNsdXN0ZXIubG9jYWyCLmt1YmUt\nZXRjZC1jbGllbnQua3ViZS1zeXN0ZW0uc3ZjLmNsdXN0ZXIubG9jYWyHBH8AAAGH\nBH8AAAEwDQYJKoZIhvcNAQELBQADggEBALHDv2ge0NwIdEgAc+QP6DHKNFe+FcZ5\nqw2QohL7wtFuK6AYXRmiY1jtp0d/wQbP9cROGJ/Skv+6loTQZN1DjJTeFn2kho6L\nARtQcybjBG54JSiaM2boAvGp/lilh1zOdQHfXrBd1mIShrEWX39hF7BhG8uBv8rU\nGtiBvrrn8ioBnBULe0i9d0RnKyXh+kLiwp9tfFIrTr41mrLFF4HYbY0fnm/E5Yjh\ntBxCZs/8NG8XKSTyrYW5iqO0b7gVsJuzxeAE23wqoXyG4PmhqrXyRN8BI6p/Qw9V\n45EGiCVTXBexslsFm51FbcIuaWkFQ8e8y88AMeAnIqWgtBuLc2Ex9fU=\n-----END CERTIFICATE REQUEST-----\n",
                            "dns_names.#": "4",
                            "dns_names.0": "$${element(var.vm_ips, count.index)}",
                            "dns_names.1": "localhost",
                            "dns_names.2": "*.kube-etcd.kube-system.svc.cluster.local",
                            "dns_names.3": "kube-etcd-client.kube-system.svc.cluster.local",
                            "id": "46261547c2b3527ca90097acf1f91509c5ec64ca",
                            "ip_addresses.#": "2",
                            "ip_addresses.0": "127.0.0.1",
                            "ip_addresses.1": "127.0.0.1",
                            "key_algorithm": "RSA",
                            "private_key_pem": "8a63b2b5d2ab45f844688923276daa109931e47b",
                            "subject.#": "1",
                            "subject.0.common_name": "etcd-client",
                            "subject.0.country": "",
                            "subject.0.locality": "",
                            "subject.0.organization": "etcd",
                            "subject.0.organizational_unit": "",
                            "subject.0.postal_code": "",
                            "subject.0.province": "",
                            "subject.0.serial_number": "",
                            "subject.0.street_address.#": "0"
                        },
                        "meta": {},
                        "tainted": false
                    },
                    "deposed": [],
                    "provider": "provider.tls"
                },
                "tls_cert_request.peer": {
                    "type": "tls_cert_request",
                    "depends_on": [
                        "tls_private_key.peer"
                    ],
                    "primary": {
                        "id": "87c252a83c03cbeb8dd854763f8210e065691ffb",
                        "attributes": {
                            "cert_request_pem": "-----BEGIN CERTIFICATE REQUEST-----\nMIIDEjCCAfoCAQAwIzENMAsGA1UEChMEZXRjZDESMBAGA1UEAxMJZXRjZC1wZWVy\nMIIBIjANBgkqhkiG9w0BAQEFAAOCAQ8AMIIBCgKCAQEAvlQUvlSh4H50mXE2vQaX\nK9KsYTUibPVvJG4HBVebzYOVOzfICUnysJ56Y6RIePYc1wTrbem0dVZmgvl1PxBj\nSKCvFTfMc/yEeEBS/Wl8cuCGt3IJPRa0pFgMibNidhGD7Oi/rh77w+KQzulS0zh1\nM/x06MsyVjgZtiHgSJlmsuNgyyrcPNQsxMjQSTK1DZab0W32aXN03D8LNHjkze0X\nGdns5p2ht8XUqKajD3XQnKV5NQI9fP+LeZWeW37IsUrmK0+gkwM5wn0t3GVIJ/zU\nxCScKlDTX+CL0O3eDwJR3b7LtwnNJUGZwB5TE6vker/4IVDv+8kLTAfuJbKuzC6W\nvQIDAQABoIGpMIGmBgkqhkiG9w0BCQ4xgZgwgZUwgZIGA1UdEQSBijCBh4IkJCR7\nZWxlbWVudCh2YXIudm1faXBzLCBjb3VudC5pbmRleCl9gikqLmt1YmUtZXRjZC5r\ndWJlLXN5c3RlbS5zdmMuY2x1c3Rlci5sb2NhbIIua3ViZS1ldGNkLWNsaWVudC5r\ndWJlLXN5c3RlbS5zdmMuY2x1c3Rlci5sb2NhbIcEfwAAATANBgkqhkiG9w0BAQsF\nAAOCAQEATwEg16wZDu74KjWC5k95nkq95AJRptLerkhBcO3Cef7Tjg4B+euMbECS\nWhFZIdsnQ26M/W55o3BQuYzyenOvVGq8Ev2EYW3LHzGegTEdJKuNzn9lE9tUClfL\nPYrT4iMuXPwe1+dxMGxMkPrt41XXmMY19gRNY5tv60DI2NVw2P8arBc82dJBLZm+\n3s/J60T0fUCVTzn6yS0Ul5w5QSS6v7N6F93unfRvvGPuC/kD8+VS3NtMhwexQDzu\nvMRA5Kt/yn/OGCAN7pth3NmHzPzDObi3cnq3dOoyU1Uh3lYuU3bJv3PYJmXeX8j4\nCVwwT5Z4Ood88HPUqZcKBl4d1ZsnmA==\n-----END CERTIFICATE REQUEST-----\n",
                            "dns_names.#": "3",
                            "dns_names.0": "$${element(var.vm_ips, count.index)}",
                            "dns_names.1": "*.kube-etcd.kube-system.svc.cluster.local",
                            "dns_names.2": "kube-etcd-client.kube-system.svc.cluster.local",
                            "id": "87c252a83c03cbeb8dd854763f8210e065691ffb",
                            "ip_addresses.#": "1",
                            "ip_addresses.0": "127.0.0.1",
                            "key_algorithm": "RSA",
                            "private_key_pem": "6f0100648edce9b3b19a0ddc2e4625f3fc06a9a3",
                            "subject.#": "1",
                            "subject.0.common_name": "etcd-peer",
                            "subject.0.country": "",
                            "subject.0.locality": "",
                            "subject.0.organization": "etcd",
                            "subject.0.organizational_unit": "",
                            "subject.0.postal_code": "",
                            "subject.0.province": "",
                            "subject.0.serial_number": "",
                            "subject.0.street_address.#": "0"
                        },
                        "meta": {},
                        "tainted": false
                    },
                    "deposed": [],
                    "provider": "provider.tls"
                },
                "tls_cert_request.server": {
                    "type": "tls_cert_request",
                    "depends_on": [
                        "tls_private_key.server"
                    ],
                    "primary": {
                        "id": "f5f5b4e5b0f9d488b03c529ecadbef5009a7274d",
                        "attributes": {
                            "cert_request_pem": "-----BEGIN CERTIFICATE REQUEST-----\nMIIDJTCCAg0CAQAwJTENMAsGA1UEChMEZXRjZDEUMBIGA1UEAxMLZXRjZC1zZXJ2\nZXIwggEiMA0GCSqGSIb3DQEBAQUAA4IBDwAwggEKAoIBAQCz5GhUJmhrdy8ZCZVY\nlnohAiiuFr4TzPhm19j84albiiHqk4i5Gp468IV5G3SY2dWovvh/SXja3XYCgM51\nUuwtZC1JncbHOD89Z7c2lRLZTLcSVwd4IlId7qIKsAy4MqKmC2wl8BWt32YLafjv\now0od7CJ7vnjEhqiXUTYf0nc+zvyrGHM7FGx5ksxOKnsZ9WN0Ez8zhbo3mEe8a92\nerX/c+iWaVxQxDCvpqBvyfk0SQPU7orjqddjH2tmgCcBlT1ql2FoCMa2zVIxFQjp\nIoJ69nlXquNfhhabIhIWHeQTQ0UUICK0Y05DgFbuh0Lsr7Vhz1D7bISv9/unEQXV\najIRAgMBAAGggbowgbcGCSqGSIb3DQEJDjGBqTCBpjCBowYDVR0RBIGbMIGYgiQk\nJHtlbGVtZW50KHZhci52bV9pcHMsIGNvdW50LmluZGV4KX2CCWxvY2FsaG9zdIIp\nKi5rdWJlLWV0Y2Qua3ViZS1zeXN0ZW0uc3ZjLmNsdXN0ZXIubG9jYWyCLmt1YmUt\nZXRjZC1jbGllbnQua3ViZS1zeXN0ZW0uc3ZjLmNsdXN0ZXIubG9jYWyHBH8AAAGH\nBH8AAAEwDQYJKoZIhvcNAQELBQADggEBAFdDX4ZqA7HP+tBgHZisJZTjzlL+zguj\nv8RaOth1eIM9AjUu4f3npSFXuIFM2KAN2FKzIA3lPhcmr4wEcSgcMi+EQsOJHwGe\nsC0UOKj6vlS+8OI2wDtRB6hRQl8gZPxm3/EbKa62t8uI6r4OmfnRyK/mHgmWhXds\nF/ynM83u2s06r0d0TiT92EDd56HI0Bj/VKqcFiTTK8MCaE9pJCtpMt5gDwfz77wz\ncJl1QRxo9TcKHgTH8qnaqC/AAF5rHTaRG9UckHcm7/nJO64bZb0J3znHNJjAU47j\nMojvdD2jAsq1Sg3TX2CSPHfs53eygj0h5VGuTies2485pa5Zgk9EC/Q=\n-----END CERTIFICATE REQUEST-----\n",
                            "dns_names.#": "4",
                            "dns_names.0": "$${element(var.vm_ips, count.index)}",
                            "dns_names.1": "localhost",
                            "dns_names.2": "*.kube-etcd.kube-system.svc.cluster.local",
                            "dns_names.3": "kube-etcd-client.kube-system.svc.cluster.local",
                            "id": "f5f5b4e5b0f9d488b03c529ecadbef5009a7274d",
                            "ip_addresses.#": "2",
                            "ip_addresses.0": "127.0.0.1",
                            "ip_addresses.1": "127.0.0.1",
                            "key_algorithm": "RSA",
                            "private_key_pem": "14f65462ec980f1f2c77885604a233c9602ba87e",
                            "subject.#": "1",
                            "subject.0.common_name": "etcd-server",
                            "subject.0.country": "",
                            "subject.0.locality": "",
                            "subject.0.organization": "etcd",
                            "subject.0.organizational_unit": "",
                            "subject.0.postal_code": "",
                            "subject.0.province": "",
                            "subject.0.serial_number": "",
                            "subject.0.street_address.#": "0"
                        },
                        "meta": {},
                        "tainted": false
                    },
                    "deposed": [],
                    "provider": "provider.tls"
                },
                "tls_locally_signed_cert.client": {
                    "type": "tls_locally_signed_cert",
                    "depends_on": [
                        "tls_cert_request.client",
                        "tls_private_key.etcd-ca.*",
                        "tls_self_signed_cert.etcd-ca.*"
                    ],
                    "primary": {
                        "id": "82172651642978343527128894858383840297",
                        "attributes": {
                            "allowed_uses.#": "4",
                            "allowed_uses.0": "key_encipherment",
                            "allowed_uses.1": "digital_signature",
                            "allowed_uses.2": "server_auth",
                            "allowed_uses.3": "client_auth",
                            "ca_cert_pem": "0a0624e69087ddfec67a3913c362bd0cbcceb4de",
                            "ca_key_algorithm": "RSA",
                            "ca_private_key_pem": "f960ea56057736be8fafd0473571c103deacf3a5",
                            "cert_pem": "-----BEGIN CERTIFICATE-----\nMIID2jCCAsKgAwIBAgIQPdHghcB5YdZlAXo7WJPUKTANBgkqhkiG9w0BAQsFADAh\nMQ0wCwYDVQQKEwRldGNkMRAwDgYDVQQDEwdldGNkLWNhMB4XDTE4MDYyNTEzMDkx\nN1oXDTE5MDYyNTEzMDkxN1owJTENMAsGA1UEChMEZXRjZDEUMBIGA1UEAxMLZXRj\nZC1jbGllbnQwggEiMA0GCSqGSIb3DQEBAQUAA4IBDwAwggEKAoIBAQC1OSgx6hQH\nXb52gJe75/ZA6/rBZCdezIrWoyY3EHzKdDVOw13Pc55vNQAtGR2238JxhM8LNKy8\njJinZradNiX7Zh+EQ0ndvvh7cMQELBMilkqk0dG5lYKRGspfvQed/4bIxaeiNstE\nOhdr7obtWOwHORbzRQnMhk9hw5Zpne/TaJRWyJne4hHGmY6SK4Lt+sajKhIS1cIO\nv4eDQKc81Y8xhrgBdPQWsweQDVINlb36imvwa3nk7MW0Lh9cVWsrT/8xSiJtXkH7\nQa0RVsy9iESeA0NiflpZQ3hEUJh2/ZQHpihco2tCOet5YCSg/4qVRfTSN1TqQSZ9\nzoE/TrK3acmBAgMBAAGjggEIMIIBBDAOBgNVHQ8BAf8EBAMCBaAwHQYDVR0lBBYw\nFAYIKwYBBQUHAwEGCCsGAQUFBwMCMAwGA1UdEwEB/wQCMAAwHwYDVR0jBBgwFoAU\n/APAUzYZyVm8p42proAXj8a6GoMwgaMGA1UdEQSBmzCBmIIkJCR7ZWxlbWVudCh2\nYXIudm1faXBzLCBjb3VudC5pbmRleCl9gglsb2NhbGhvc3SCKSoua3ViZS1ldGNk\nLmt1YmUtc3lzdGVtLnN2Yy5jbHVzdGVyLmxvY2Fsgi5rdWJlLWV0Y2QtY2xpZW50\nLmt1YmUtc3lzdGVtLnN2Yy5jbHVzdGVyLmxvY2FshwR/AAABhwR/AAABMA0GCSqG\nSIb3DQEBCwUAA4IBAQBLJ/ratixTu6glGSpClgI7EO+VRwM4KPnvFeQkK4UxWmSV\nGWkEBPP+vkWRasEEYAl92nOpXNBKFOasBEPvI/BRV4vl7GpwxjgBd3u3CibSoyGv\nAKB+ISETGGg2vdjD8tyY0urv0qTa1JomcEWcC+l0d+n7isc44Wnr8kcPw+8D+Gjb\n0evt/YdIuFGP51eSUyZhvuvxyLL9UtZGrW2lCeZHpOVxrrS1Q97U4dVAelXgHigN\nrdD7JvP+otnh79TsOG5HQXUUHVOr8alQYkFbO9eCvE6feyyZoEM1fO3WHTUht4JD\nLFt2MonHhDRlfZCFyYfYkgJ4kEIHA4ARl+JYd1p4\n-----END CERTIFICATE-----\n",
                            "cert_request_pem": "88a741e16f2d926396cb05e614e42897f723fb59",
                            "early_renewal_hours": "0",
                            "id": "82172651642978343527128894858383840297",
                            "validity_end_time": "2019-06-25T10:09:17.337169401-03:00",
                            "validity_period_hours": "8760",
                            "validity_start_time": "2018-06-25T10:09:17.337169401-03:00"
                        },
                        "meta": {},
                        "tainted": false
                    },
                    "deposed": [],
                    "provider": "provider.tls"
                },
                "tls_locally_signed_cert.peer": {
                    "type": "tls_locally_signed_cert",
                    "depends_on": [
                        "tls_cert_request.peer",
                        "tls_private_key.etcd-ca.*",
                        "tls_self_signed_cert.etcd-ca.*"
                    ],
                    "primary": {
                        "id": "295709215668509427246877464581998238380",
                        "attributes": {
                            "allowed_uses.#": "4",
                            "allowed_uses.0": "key_encipherment",
                            "allowed_uses.1": "digital_signature",
                            "allowed_uses.2": "server_auth",
                            "allowed_uses.3": "client_auth",
                            "ca_cert_pem": "0a0624e69087ddfec67a3913c362bd0cbcceb4de",
                            "ca_key_algorithm": "RSA",
                            "ca_private_key_pem": "f960ea56057736be8fafd0473571c103deacf3a5",
                            "cert_pem": "-----BEGIN CERTIFICATE-----\nMIIDxjCCAq6gAwIBAgIRAN53hfjfDP9EX5ccVNT12qwwDQYJKoZIhvcNAQELBQAw\nITENMAsGA1UEChMEZXRjZDEQMA4GA1UEAxMHZXRjZC1jYTAeFw0xODA2MjUxMzA5\nMTdaFw0xOTA2MjUxMzA5MTdaMCMxDTALBgNVBAoTBGV0Y2QxEjAQBgNVBAMTCWV0\nY2QtcGVlcjCCASIwDQYJKoZIhvcNAQEBBQADggEPADCCAQoCggEBAL5UFL5UoeB+\ndJlxNr0GlyvSrGE1Imz1byRuBwVXm82DlTs3yAlJ8rCeemOkSHj2HNcE623ptHVW\nZoL5dT8QY0igrxU3zHP8hHhAUv1pfHLghrdyCT0WtKRYDImzYnYRg+zov64e+8Pi\nkM7pUtM4dTP8dOjLMlY4GbYh4EiZZrLjYMsq3DzULMTI0EkytQ2Wm9Ft9mlzdNw/\nCzR45M3tFxnZ7OadobfF1Kimow910JyleTUCPXz/i3mVnlt+yLFK5itPoJMDOcJ9\nLdxlSCf81MQknCpQ01/gi9Dt3g8CUd2+y7cJzSVBmcAeUxOr5Hq/+CFQ7/vJC0wH\n7iWyrswulr0CAwEAAaOB9jCB8zAOBgNVHQ8BAf8EBAMCBaAwHQYDVR0lBBYwFAYI\nKwYBBQUHAwEGCCsGAQUFBwMCMAwGA1UdEwEB/wQCMAAwHwYDVR0jBBgwFoAU/APA\nUzYZyVm8p42proAXj8a6GoMwgZIGA1UdEQSBijCBh4IkJCR7ZWxlbWVudCh2YXIu\ndm1faXBzLCBjb3VudC5pbmRleCl9gikqLmt1YmUtZXRjZC5rdWJlLXN5c3RlbS5z\ndmMuY2x1c3Rlci5sb2NhbIIua3ViZS1ldGNkLWNsaWVudC5rdWJlLXN5c3RlbS5z\ndmMuY2x1c3Rlci5sb2NhbIcEfwAAATANBgkqhkiG9w0BAQsFAAOCAQEAvUrd0Juu\nNWIL83dSSrFHO8JvqU3+euUEnebg1WnE5a8MpelZFxshI49GRxuZVBfhsuRZAY3M\nYgoVpE06U+dD0rkvb/hlyti2Z1zfK5JiKsno86Q6WvAX3PTj/kBEK1ByYWgmSufw\nvWx5YfmSA9/ntq51qTeZGXOavnVH/gxhGn/xX8RwENVMLf5bLUPsZebLNDO1QnEo\njoTp5AOQth+8yiIoETIPMFiDjvBdUDWXJucARBxkAmi91n6V7qn7q3POn70gWDCI\naOlNwX0qYC4JiEvJNpugfUyCyQaHGzMkPW0ypVewODdSnNq6BWUQFqAOyKVIYJ0p\ncEDnOAb+CkdcGg==\n-----END CERTIFICATE-----\n",
                            "cert_request_pem": "65ecc8ee5c2328c2d8b488c742f10f5014ad30fa",
                            "early_renewal_hours": "0",
                            "id": "295709215668509427246877464581998238380",
                            "validity_end_time": "2019-06-25T10:09:17.510166096-03:00",
                            "validity_period_hours": "8760",
                            "validity_start_time": "2018-06-25T10:09:17.510166096-03:00"
                        },
                        "meta": {},
                        "tainted": false
                    },
                    "deposed": [],
                    "provider": "provider.tls"
                },
                "tls_locally_signed_cert.server": {
                    "type": "tls_locally_signed_cert",
                    "depends_on": [
                        "tls_cert_request.server",
                        "tls_private_key.etcd-ca.*",
                        "tls_self_signed_cert.etcd-ca.*"
                    ],
                    "primary": {
                        "id": "109362126571446072625939417217335777976",
                        "attributes": {
                            "allowed_uses.#": "4",
                            "allowed_uses.0": "key_encipherment",
                            "allowed_uses.1": "digital_signature",
                            "allowed_uses.2": "server_auth",
                            "allowed_uses.3": "client_auth",
                            "ca_cert_pem": "0a0624e69087ddfec67a3913c362bd0cbcceb4de",
                            "ca_key_algorithm": "RSA",
                            "ca_private_key_pem": "f960ea56057736be8fafd0473571c103deacf3a5",
                            "cert_pem": "-----BEGIN CERTIFICATE-----\nMIID2jCCAsKgAwIBAgIQUkZhIp/ugbQ94gRVHVNauDANBgkqhkiG9w0BAQsFADAh\nMQ0wCwYDVQQKEwRldGNkMRAwDgYDVQQDEwdldGNkLWNhMB4XDTE4MDYyNTEzMDkx\nN1oXDTE5MDYyNTEzMDkxN1owJTENMAsGA1UEChMEZXRjZDEUMBIGA1UEAxMLZXRj\nZC1zZXJ2ZXIwggEiMA0GCSqGSIb3DQEBAQUAA4IBDwAwggEKAoIBAQCz5GhUJmhr\ndy8ZCZVYlnohAiiuFr4TzPhm19j84albiiHqk4i5Gp468IV5G3SY2dWovvh/SXja\n3XYCgM51UuwtZC1JncbHOD89Z7c2lRLZTLcSVwd4IlId7qIKsAy4MqKmC2wl8BWt\n32YLafjvow0od7CJ7vnjEhqiXUTYf0nc+zvyrGHM7FGx5ksxOKnsZ9WN0Ez8zhbo\n3mEe8a92erX/c+iWaVxQxDCvpqBvyfk0SQPU7orjqddjH2tmgCcBlT1ql2FoCMa2\nzVIxFQjpIoJ69nlXquNfhhabIhIWHeQTQ0UUICK0Y05DgFbuh0Lsr7Vhz1D7bISv\n9/unEQXVajIRAgMBAAGjggEIMIIBBDAOBgNVHQ8BAf8EBAMCBaAwHQYDVR0lBBYw\nFAYIKwYBBQUHAwEGCCsGAQUFBwMCMAwGA1UdEwEB/wQCMAAwHwYDVR0jBBgwFoAU\n/APAUzYZyVm8p42proAXj8a6GoMwgaMGA1UdEQSBmzCBmIIkJCR7ZWxlbWVudCh2\nYXIudm1faXBzLCBjb3VudC5pbmRleCl9gglsb2NhbGhvc3SCKSoua3ViZS1ldGNk\nLmt1YmUtc3lzdGVtLnN2Yy5jbHVzdGVyLmxvY2Fsgi5rdWJlLWV0Y2QtY2xpZW50\nLmt1YmUtc3lzdGVtLnN2Yy5jbHVzdGVyLmxvY2FshwR/AAABhwR/AAABMA0GCSqG\nSIb3DQEBCwUAA4IBAQBKwnUyrJrYRsK69+3h+dDcKHr0FwTte0QNWHEbYizo4Zm6\n0jni+Cr+FgKPFKHnrTPGyh1tDj69B3LpyIZpXuAyciCgATnIUiFljtqOGjyYKyPH\nSntYvBnMyqyk+Cd607eGH2DKuMjnCAnSUNlAHHoAClrnzJ0Hgx8XhF7cAL1+Aobr\nPk6cf1q9dhx2p7W9pZ/SovPVJs3x5vA1agYHzXd7L9ewLTLA480XjqSDuW54J8Li\nBvXTHUUfbcLiYDRxsaqwot2CRHSejLdIFSiqDgXF4R8xPtzQghKgYYolQh4kZry/\nEL37BOTJ58IQbw6qV2WIltEMJjDEBlxnHk956wcY\n-----END CERTIFICATE-----\n",
                            "cert_request_pem": "93ae34f6ab1c359b48881f5d4ad10bb4f19ffa04",
                            "early_renewal_hours": "0",
                            "id": "109362126571446072625939417217335777976",
                            "validity_end_time": "2019-06-25T10:09:17.276491257-03:00",
                            "validity_period_hours": "8760",
                            "validity_start_time": "2018-06-25T10:09:17.276491257-03:00"
                        },
                        "meta": {},
                        "tainted": false
                    },
                    "deposed": [],
                    "provider": "provider.tls"
                },
                "tls_private_key.client": {
                    "type": "tls_private_key",
                    "depends_on": [],
                    "primary": {
                        "id": "bf33bd915ca6836b1508ded2e2d4f96202048691",
                        "attributes": {
                            "algorithm": "RSA",
                            "ecdsa_curve": "P224",
                            "id": "bf33bd915ca6836b1508ded2e2d4f96202048691",
                            "private_key_pem": "-----BEGIN RSA PRIVATE KEY-----\nMIIEpAIBAAKCAQEAtTkoMeoUB12+doCXu+f2QOv6wWQnXsyK1qMmNxB8ynQ1TsNd\nz3OebzUALRkdtt/CcYTPCzSsvIyYp2a2nTYl+2YfhENJ3b74e3DEBCwTIpZKpNHR\nuZWCkRrKX70Hnf+GyMWnojbLRDoXa+6G7VjsBzkW80UJzIZPYcOWaZ3v02iUVsiZ\n3uIRxpmOkiuC7frGoyoSEtXCDr+Hg0CnPNWPMYa4AXT0FrMHkA1SDZW9+opr8Gt5\n5OzFtC4fXFVrK0//MUoibV5B+0GtEVbMvYhEngNDYn5aWUN4RFCYdv2UB6YoXKNr\nQjnreWAkoP+KlUX00jdU6kEmfc6BP06yt2nJgQIDAQABAoIBAEacCZRBLyKbnP1R\nJ024mJM9HsvBOTHPonz0vowP6X98fdS9fEy7MM0FqpbnxVMepgVTCNTF5lPkuAnp\nlFd25J+qb7c5/IrgwLJgAo/ZmG8OffDwK7YSkff1p0pcPZ6LFDogASvMC7D+rWeJ\nXZsW3YgG73FDwgilgEKIUY+/UNVernJWymXanSK41kFNLzlJlIqqrKL4xLT3Ko2m\nAcMCecNtuImE/F8tm6aFUo6WVEcJhfap4N6mpm5f/GrsnDVuLCSn3UTBWCczlXht\n72YnysEJiTmTn757vgDhNo5xabDweQyBuCsLfjApssFsjOSD4eYAwbDY7P9aYhSB\nJWKNca0CgYEAxDz24/sEWY9lSgZz6B4rNWq9n86EMCmmVnoPRipRdXOyTASymaGJ\nXwB4qlAUXLVfvYgsa7vw6Kpm63FOx3IwoBSBULFanrXLRARssIcl03JOIJwaDFZG\nWZ/HC9B+Xs2pt9Q0Ed8pVQ4DlAQiYT2M7vepom+5rpCiEknsL75B+wsCgYEA7Gmc\nAbx52JrB2POBn1aqSMi1MrLyCmItYKswSETpXrUkk1/8ZE0PpOPnsf9Ilk0ZTqHV\niDRlyqQn66KsBKOIruWQbUXtogCuNx+gwXN6TbZgcryjeM8sHTkP769uDZKCXBdc\nNCzCoye4kb6RAUUwHHE1oGquyjPb9vwrdoO/xSMCgYBZtODMESjI5DNSZqa/mmL4\nNUZf8mEdPzzp1Tx8P8YjIfOEqrUWY/DPPADtIlRcmREeLEzaJv0W7ybDRHXV2M5/\nrz/6KkkZulMkUb156R4SjfNHFvUVZK8eM1sjfHj4T53hCiGPdeuIFTLvjABHYYK2\njwK93cMNGNLt91r/7EJvRwKBgQC0spQXj6PiN4dq99RfobJOJ3q34aa24QumE7K3\nylRFm1b1fiw/zdbjRX9WwbUNjKiHPZMkpEgZdxc8N/4bHZPfen/Fxek4JiUC5R3O\nPyGAPKHDkQOx10f0niTcIs6PeShCk2haSMwMQNQGMg5LVkLLuowurNwkmTbLtTrT\nPyhY2QKBgQC0M0FTjQpfFTLCFDNN68m9PzJ8uCMy2kaH1ni1MFuvTYEfNhWIKD8R\nts5kLG6XnxASzNt4hAQwUqUj8mX1oRh70tBpMwrfcEc/YQerHwTyxa1OkRKFH/gg\np+rchWJebBYWGxURxwbQq0qZnNmpwoIKNAX4K9l+nfNXiVBg65eakQ==\n-----END RSA PRIVATE KEY-----\n",
                            "public_key_openssh": "ssh-rsa AAAAB3NzaC1yc2EAAAADAQABAAABAQC1OSgx6hQHXb52gJe75/ZA6/rBZCdezIrWoyY3EHzKdDVOw13Pc55vNQAtGR2238JxhM8LNKy8jJinZradNiX7Zh+EQ0ndvvh7cMQELBMilkqk0dG5lYKRGspfvQed/4bIxaeiNstEOhdr7obtWOwHORbzRQnMhk9hw5Zpne/TaJRWyJne4hHGmY6SK4Lt+sajKhIS1cIOv4eDQKc81Y8xhrgBdPQWsweQDVINlb36imvwa3nk7MW0Lh9cVWsrT/8xSiJtXkH7Qa0RVsy9iESeA0NiflpZQ3hEUJh2/ZQHpihco2tCOet5YCSg/4qVRfTSN1TqQSZ9zoE/TrK3acmB\n",
                            "public_key_pem": "-----BEGIN PUBLIC KEY-----\nMIIBIjANBgkqhkiG9w0BAQEFAAOCAQ8AMIIBCgKCAQEAtTkoMeoUB12+doCXu+f2\nQOv6wWQnXsyK1qMmNxB8ynQ1TsNdz3OebzUALRkdtt/CcYTPCzSsvIyYp2a2nTYl\n+2YfhENJ3b74e3DEBCwTIpZKpNHRuZWCkRrKX70Hnf+GyMWnojbLRDoXa+6G7Vjs\nBzkW80UJzIZPYcOWaZ3v02iUVsiZ3uIRxpmOkiuC7frGoyoSEtXCDr+Hg0CnPNWP\nMYa4AXT0FrMHkA1SDZW9+opr8Gt55OzFtC4fXFVrK0//MUoibV5B+0GtEVbMvYhE\nngNDYn5aWUN4RFCYdv2UB6YoXKNrQjnreWAkoP+KlUX00jdU6kEmfc6BP06yt2nJ\ngQIDAQAB\n-----END PUBLIC KEY-----\n",
                            "rsa_bits": "2048"
                        },
                        "meta": {},
                        "tainted": false
                    },
                    "deposed": [],
                    "provider": "provider.tls"
                },
                "tls_private_key.etcd-ca": {
                    "type": "tls_private_key",
                    "depends_on": [],
                    "primary": {
                        "id": "62de37a6f637f2ea7059c3f47787896f75d0ec6f",
                        "attributes": {
                            "algorithm": "RSA",
                            "ecdsa_curve": "P224",
                            "id": "62de37a6f637f2ea7059c3f47787896f75d0ec6f",
                            "private_key_pem": "-----BEGIN RSA PRIVATE KEY-----\nMIIEowIBAAKCAQEA77U6XuihRT3hdOT506yog0l1OLlfbxF6UXhSK8dQXBiEMGO+\nfNpc3ZebD0AtysFqNy5ZlJj3DMgpTM0MJczNDUxhfYvuYbrbOouuq/hhTpkCphle\n50SMGvqIWuy6xs78/8hckAyeBBu/EcOfxgVjK/e7i6wjMzaZzmuGnCNfutOELs/Y\nuKQ45dozjBk5AVL0PPdNx8UG0T7A/KBl5juwWhv2n5SFJZSar6mJ+i7Gq2eOiT+B\nfY5FGqApk24DLraU2zFJUsBPpPAXjlI+oguqkErFPJlswZP5mr05lcg9WQ3Aisah\nkfeyyGDvPfWuwx6doPSfTxS4s/y+7B3ZYnx6KwIDAQABAoIBAHc+tmzkWOWzJOcb\nyVQNvj6hWlj/joQYM7s3mdkBa+6Em63e0LIXhr8NXiu2B5GnqgkNW67acXvATxtP\nnc1oFlGZP55O8CVZ6Rk0x43xH6cT4wdx844kwXXiT9a7kSa5bY5ow/M885ajnudd\nY6wEnhMPSBLxbQlbDiRrxSkDR+oNvGBRDUTZxQYDAoQlXfJew41rFqcpOPIajye+\ns/x8Uz7+yFqbv9vw4Vl9IOvLnzU3d78ihDiT6wtoFi69kaZMdFqgdaMHi/cOF8wu\n8HISIbQWm68njpMOV3a2HkEWXw3DKP3MqW86Zut4/VeWDC+cHQlhGqYk5Qb7sA1L\ntvMiUpECgYEA/EuupMe3xkAG9oz6RJg2KuZ7JJQZm+Dlft3PWf3aeGJMKH1p+n/8\nT8XEfIfsJ5atyVEhxAt/i0QMyC/AXDMCn8j4ozmEgfO9tf/wURPDxtyegziEBjri\nbMHWnYgsyN5LzIZ7GWO1O01PfJAHtrsdgWnUFnGLyh0FZFjAZ7+PoD0CgYEA8zo7\nTp+5EEKqkzScjx5GT1foudrEXxZTgCKiR8urXKjBOIVa+IS0KHh9BbZh4Z1VlVzY\n2WQcXEaWYhrz1Tft2toOLn8lmuokHVlftWt1k2cYUp4WpK4Syen9m/MPxw2T7tOl\nIenaE84NP5qKCuUnUHfoQ9WDcSCAShgF863ggocCgYEAgeY5qk/GOEXZD/JwHQc9\nxILc3m1+bfqyTsrHqu8AIEGEMsi32ykwcKZDz1ZwacWz/tZOC1FcPwkvh5bGdPIy\npLBmDCxeJEap494+DpCdmXMYDjn4B/kjgZmf9YYagOWro0eOc/kZY8ofZeQGhLf8\nrhgeAdw+fDbLAuqLTh+cRIUCgYBLILp+76EHH8B2VbLiFhTbnyi4d5VeVZQXKRt9\nF7DnnwyHu9E8oCjRs13SrOIRATsVNqeYhm6oJfl/dhnIy0zB48aroARqlFXxZtDE\nRdv8WsTNiB0wYsBU89ytFefSsSP3ihIgpo4Avg2jjsWC1gNNvKvWgBXolIRr3n3A\nJf4J8wKBgFFiECy+pWnFwZVeCoXI+X5JiM7hYTjeOKdfBhOMVzSumpmrjQvqThH2\nPWWYp/3yjbRAdACwUJpHtnh8CemoMw0P4413b1rLQ8DyeBx0l5clFPYhkvlLxWN7\nb6ls3sMGRWPB/PPYAbNqyKUqDc2PAsMMVQ2m+poLCKjiSbl6L56i\n-----END RSA PRIVATE KEY-----\n",
                            "public_key_openssh": "ssh-rsa AAAAB3NzaC1yc2EAAAADAQABAAABAQDvtTpe6KFFPeF05PnTrKiDSXU4uV9vEXpReFIrx1BcGIQwY7582lzdl5sPQC3KwWo3LlmUmPcMyClMzQwlzM0NTGF9i+5huts6i66r+GFOmQKmGV7nRIwa+oha7LrGzvz/yFyQDJ4EG78Rw5/GBWMr97uLrCMzNpnOa4acI1+604Quz9i4pDjl2jOMGTkBUvQ8903HxQbRPsD8oGXmO7BaG/aflIUllJqvqYn6LsarZ46JP4F9jkUaoCmTbgMutpTbMUlSwE+k8BeOUj6iC6qQSsU8mWzBk/mavTmVyD1ZDcCKxqGR97LIYO899a7DHp2g9J9PFLiz/L7sHdlifHor\n",
                            "public_key_pem": "-----BEGIN PUBLIC KEY-----\nMIIBIjANBgkqhkiG9w0BAQEFAAOCAQ8AMIIBCgKCAQEA77U6XuihRT3hdOT506yo\ng0l1OLlfbxF6UXhSK8dQXBiEMGO+fNpc3ZebD0AtysFqNy5ZlJj3DMgpTM0MJczN\nDUxhfYvuYbrbOouuq/hhTpkCphle50SMGvqIWuy6xs78/8hckAyeBBu/EcOfxgVj\nK/e7i6wjMzaZzmuGnCNfutOELs/YuKQ45dozjBk5AVL0PPdNx8UG0T7A/KBl5juw\nWhv2n5SFJZSar6mJ+i7Gq2eOiT+BfY5FGqApk24DLraU2zFJUsBPpPAXjlI+oguq\nkErFPJlswZP5mr05lcg9WQ3AisahkfeyyGDvPfWuwx6doPSfTxS4s/y+7B3ZYnx6\nKwIDAQAB\n-----END PUBLIC KEY-----\n",
                            "rsa_bits": "2048"
                        },
                        "meta": {},
                        "tainted": false
                    },
                    "deposed": [],
                    "provider": "provider.tls"
                },
                "tls_private_key.example_provisioning_ssh_key": {
                    "type": "tls_private_key",
                    "depends_on": [],
                    "primary": {
                        "id": "05c28613addbfb9e6de2e5b34d33370b816d4386",
                        "attributes": {
                            "algorithm": "ECDSA",
                            "ecdsa_curve": "P384",
                            "id": "05c28613addbfb9e6de2e5b34d33370b816d4386",
                            "private_key_pem": "-----BEGIN EC PRIVATE KEY-----\nMIGkAgEBBDA6/GY9scA3MqtRCNDi27TCgfftBHjCe9GTb2oWm9iNWu3rB8mlyCF5\nt0cmby3dnxygBwYFK4EEACKhZANiAARjA4CmsWWhuxi2z8qom0p0BfylS38kIPL5\nPB+3BWuVUqiuJrP+BDbpwp+OE8Rcbnp2y5fZS8GRM8uEtB9VRijrs2f2b9uARCom\nhrVrvYfebajYlEMcmLqSMy5FAi6l89s=\n-----END EC PRIVATE KEY-----\n",
                            "public_key_openssh": "ecdsa-sha2-nistp384 AAAAE2VjZHNhLXNoYTItbmlzdHAzODQAAAAIbmlzdHAzODQAAABhBGMDgKaxZaG7GLbPyqibSnQF/KVLfyQg8vk8H7cFa5VSqK4ms/4ENunCn44TxFxuenbLl9lLwZEzy4S0H1VGKOuzZ/Zv24BEKiaGtWu9h95tqNiUQxyYupIzLkUCLqXz2w==\n",
                            "public_key_pem": "-----BEGIN PUBLIC KEY-----\nMHYwEAYHKoZIzj0CAQYFK4EEACIDYgAEYwOAprFlobsYts/KqJtKdAX8pUt/JCDy\n+TwftwVrlVKoriaz/gQ26cKfjhPEXG56dsuX2UvBkTPLhLQfVUYo67Nn9m/bgEQq\nJoa1a72H3m2o2JRDHJi6kjMuRQIupfPb\n-----END PUBLIC KEY-----\n",
                            "rsa_bits": "2048"
                        },
                        "meta": {},
                        "tainted": false
                    },
                    "deposed": [],
                    "provider": "provider.tls"
                },
                "tls_private_key.peer": {
                    "type": "tls_private_key",
                    "depends_on": [],
                    "primary": {
                        "id": "88100a02650e25cba12c9120161eb3d38f4b7104",
                        "attributes": {
                            "algorithm": "RSA",
                            "ecdsa_curve": "P224",
                            "id": "88100a02650e25cba12c9120161eb3d38f4b7104",
                            "private_key_pem": "-----BEGIN RSA PRIVATE KEY-----\nMIIEpQIBAAKCAQEAvlQUvlSh4H50mXE2vQaXK9KsYTUibPVvJG4HBVebzYOVOzfI\nCUnysJ56Y6RIePYc1wTrbem0dVZmgvl1PxBjSKCvFTfMc/yEeEBS/Wl8cuCGt3IJ\nPRa0pFgMibNidhGD7Oi/rh77w+KQzulS0zh1M/x06MsyVjgZtiHgSJlmsuNgyyrc\nPNQsxMjQSTK1DZab0W32aXN03D8LNHjkze0XGdns5p2ht8XUqKajD3XQnKV5NQI9\nfP+LeZWeW37IsUrmK0+gkwM5wn0t3GVIJ/zUxCScKlDTX+CL0O3eDwJR3b7LtwnN\nJUGZwB5TE6vker/4IVDv+8kLTAfuJbKuzC6WvQIDAQABAoIBAQCn9fV0XaWZQp9N\nRg7DU4yWvM0o38Yol5Nkd8C0YzL4c1V/s+NQ5zRHzyM8yZ63OKIM0qedELATGJNQ\npCpm4+RqFHtN4zcHaGHS6RkTz0Jm8mOQgg9LHL1/hsBRyL9saFqe+GsnkuolXMzj\n/B3+joVHwlO9mIwscEeoZk7SYqWx2NdZWxvZirGV6BoI0qSF74Ojn4KZnLABA4Nt\n+ebyzxwaFYZJIMl8zwvT1zHT5oaDwRHXuXbSnQo/XToPif2PkGJLDM4JHWg3YbUh\nWDqj4XiC6ixtnU8HFcfmUDJZfI3RiWbvuw2NmP1Dge9PmdGCcJYpQKpQSUyCZxNe\nt5GokjMVAoGBANtRMBhfIdPzUiujpzGK5ExWM+eTn/C77Yvng/jsHh1a0tfiO0jc\ntbElAgBMtT3rkaNcB+XCi5NtKUjdFNutGitJI7qIec4hTLwwUD+1c35AEfoMlM7e\n9utZGN55xMomgLzbDVlFSzUGj1XQxsJk0U0SGMZ3tjJWqiQQE8zpKk2PAoGBAN4p\npJ9PXkaq2VsyD9/XpcW8bmPeuNTFmgoR7w+rsPXs5UEHvBAR7Pxpe6qoMT6sWhje\nTlAveDOAf6T3VoUnOJQg6R8sQUp/xBRVMMy+bAQOGQTep7qHL4YhdIJTlrCBKOyk\njNXs3g7MMnqI1NSNTXlrEnOHm4tFtQRJtMhPfYjzAoGACq9s8XMJGeN7+GZTygUj\nVFjK1JiLrVXqn+tasbEHUpTPOvdpvgYK0COmck9KcUbd5KCiPd55oGgsH8Gtt3o6\nkStSE098578VlwGfl0sG4nrKpW0hfua8DwFbRdOW8+ZmVU0y3EuU+3NjXmH6nRP+\nYovkKx9AADnatkEWReCCUB8CgYEAybcD2wZkckOUIQJ+eV7DDJv/mzxRlBdqurP3\n3MGmZlTW/0m3jtvH0pMwDw6xz9cL40KN1q6TNCf7Pdy5uSKYc57CLGSxT6Rcc526\nNly7lJ78Rnin0GwIUYA02lRtIQvVDbCGk4KDSOpM9wcgP3GhI5p9YVqCd10uc5s8\nwxexwtMCgYEAgZqu82YW96YRPR7JXGJrIYnT3BcMEk3a30NYdfO5MayNWo7Ex+qj\nwgvbqqUTK+Dn1loEvhxP9kEEqkkuLjPFyuaY3XKgYApQmjOIQngiYTzEerxtl+eX\ntx8lI14qJwVLOpZ47FJ3UDWrPE/BLoLZ9DzZg5PQbSawVSzuZNd68OY=\n-----END RSA PRIVATE KEY-----\n",
                            "public_key_openssh": "ssh-rsa AAAAB3NzaC1yc2EAAAADAQABAAABAQC+VBS+VKHgfnSZcTa9Bpcr0qxhNSJs9W8kbgcFV5vNg5U7N8gJSfKwnnpjpEh49hzXBOtt6bR1VmaC+XU/EGNIoK8VN8xz/IR4QFL9aXxy4Ia3cgk9FrSkWAyJs2J2EYPs6L+uHvvD4pDO6VLTOHUz/HToyzJWOBm2IeBImWay42DLKtw81CzEyNBJMrUNlpvRbfZpc3TcPws0eOTN7RcZ2ezmnaG3xdSopqMPddCcpXk1Aj18/4t5lZ5bfsixSuYrT6CTAznCfS3cZUgn/NTEJJwqUNNf4IvQ7d4PAlHdvsu3Cc0lQZnAHlMTq+R6v/ghUO/7yQtMB+4lsq7MLpa9\n",
                            "public_key_pem": "-----BEGIN PUBLIC KEY-----\nMIIBIjANBgkqhkiG9w0BAQEFAAOCAQ8AMIIBCgKCAQEAvlQUvlSh4H50mXE2vQaX\nK9KsYTUibPVvJG4HBVebzYOVOzfICUnysJ56Y6RIePYc1wTrbem0dVZmgvl1PxBj\nSKCvFTfMc/yEeEBS/Wl8cuCGt3IJPRa0pFgMibNidhGD7Oi/rh77w+KQzulS0zh1\nM/x06MsyVjgZtiHgSJlmsuNgyyrcPNQsxMjQSTK1DZab0W32aXN03D8LNHjkze0X\nGdns5p2ht8XUqKajD3XQnKV5NQI9fP+LeZWeW37IsUrmK0+gkwM5wn0t3GVIJ/zU\nxCScKlDTX+CL0O3eDwJR3b7LtwnNJUGZwB5TE6vker/4IVDv+8kLTAfuJbKuzC6W\nvQIDAQAB\n-----END PUBLIC KEY-----\n",
                            "rsa_bits": "2048"
                        },
                        "meta": {},
                        "tainted": false
                    },
                    "deposed": [],
                    "provider": "provider.tls"
                },
                "tls_private_key.server": {
                    "type": "tls_private_key",
                    "depends_on": [],
                    "primary": {
                        "id": "7008bec0e42171f00d3ab6ea3e877e377ad7aeba",
                        "attributes": {
                            "algorithm": "RSA",
                            "ecdsa_curve": "P224",
                            "id": "7008bec0e42171f00d3ab6ea3e877e377ad7aeba",
                            "private_key_pem": "-----BEGIN RSA PRIVATE KEY-----\nMIIEpAIBAAKCAQEAs+RoVCZoa3cvGQmVWJZ6IQIorha+E8z4ZtfY/OGpW4oh6pOI\nuRqeOvCFeRt0mNnVqL74f0l42t12AoDOdVLsLWQtSZ3Gxzg/PWe3NpUS2Uy3ElcH\neCJSHe6iCrAMuDKipgtsJfAVrd9mC2n476MNKHewie754xIaol1E2H9J3Ps78qxh\nzOxRseZLMTip7GfVjdBM/M4W6N5hHvGvdnq1/3PolmlcUMQwr6agb8n5NEkD1O6K\n46nXYx9rZoAnAZU9apdhaAjGts1SMRUI6SKCevZ5V6rjX4YWmyISFh3kE0NFFCAi\ntGNOQ4BW7odC7K+1Yc9Q+2yEr/f7pxEF1WoyEQIDAQABAoIBAQCXfDwuwLkl5hOP\nLfbJxs3JhhvjndsqqWx0jkd3jEAlicjN1LdJyRR95ZVAStKA9M9rboWsCp7vD5cU\nvIsfWVjxUG6ik26UzNTUTMaH/DkHLAbuNsNfcudbtVxXS7EqW9mDohLMT8SxynIQ\nIokyo0etUD0lqkxb3x72ozwaY/Y7UxuFZcP3wETmjstJC3oxDqfA4hoOqJQRj8V+\n6Shwz93vB3KF/aoM/koEh5Mp9A8cMhb9DMRypAevQqWMAdq2v3T7MAuLYuqGl76m\nvGlUfdDys+8aftHofOC784B45aB6z9QeNdcVHAC/RjFiMKAojuzIYSaPcs+eVgRU\n3uOxTRDRAoGBAN/NJBso+yRtPtwmy2rmTjcMuijlfW6FluKoEXWueJHrFvKUh35l\nNvnrfN2z8byuVFBkZNThillVedDPO3kGlPdnhpKFvRq9NaMFpwuURGZbqAC5GwoN\nIkGBhg8C2T9G8LuXV7H7uZp5fhVKZKW10hZpYLYd9Rb7ACxc/KkG/WO/AoGBAM3G\nCyelnGWpWiUGy7ZF1Oz5dg4xZA2rFkEJIXedervv0okHUWY6x2M/W/1lllMyLPG2\nntHAGlxJdOTVsHOaupoEAdcf+o9gBdaMxbKWuPAgZay/OljCViIisz2YWgfvJfR2\n91v7Y9qEJ7JlimrG6RmjoLnsSRCFA9IiJz+n654vAoGAVrNVUoRMzu7XlFgfI/m2\nwVLX57IIJsHwEzzDDtEZeoYVrMJnv0qcwrM8+3KTquHqXf6WpXX+r98SQxeVVax8\nF2Bu3OKcwPgeCFrPPQgie3j0m9saI4m1BKWV9sjGuuHTrwjRe20mmTaJ5tucJCpN\nCkumoMb4RP/WMFmRtDW2AmcCgYEApOsd05fCwiO50MUijaJoJclFmdhx9RZyzorv\n3LtFO8zY8uP/lCx10xBbvLongeRL6ynPHhKVzfM9kY3GTtDqzzd49h52JWTzKOJI\nLHrqG+ILOylELREMEW24NByfw44i4ExcscbIX8DdQ/hnuG5VMixXS8uZP3kr98VR\nqY3+pBcCgYBnn57bKfMDoFrdbHpqS7Zx4jkSfhC/quugJgIuAbhzH362ieee4OiM\n9xBiFacRUkJ58GqN1o95j5GVBAIM5Ba0KWvChj2KUSXyz9Yf9+nw+VB+gAqcmFIO\nX2/uVpeeH9arkkOz6y5YkZZxImwvxTxFdw4+QX7QQme2Jq/JRMchMA==\n-----END RSA PRIVATE KEY-----\n",
                            "public_key_openssh": "ssh-rsa AAAAB3NzaC1yc2EAAAADAQABAAABAQCz5GhUJmhrdy8ZCZVYlnohAiiuFr4TzPhm19j84albiiHqk4i5Gp468IV5G3SY2dWovvh/SXja3XYCgM51UuwtZC1JncbHOD89Z7c2lRLZTLcSVwd4IlId7qIKsAy4MqKmC2wl8BWt32YLafjvow0od7CJ7vnjEhqiXUTYf0nc+zvyrGHM7FGx5ksxOKnsZ9WN0Ez8zhbo3mEe8a92erX/c+iWaVxQxDCvpqBvyfk0SQPU7orjqddjH2tmgCcBlT1ql2FoCMa2zVIxFQjpIoJ69nlXquNfhhabIhIWHeQTQ0UUICK0Y05DgFbuh0Lsr7Vhz1D7bISv9/unEQXVajIR\n",
                            "public_key_pem": "-----BEGIN PUBLIC KEY-----\nMIIBIjANBgkqhkiG9w0BAQEFAAOCAQ8AMIIBCgKCAQEAs+RoVCZoa3cvGQmVWJZ6\nIQIorha+E8z4ZtfY/OGpW4oh6pOIuRqeOvCFeRt0mNnVqL74f0l42t12AoDOdVLs\nLWQtSZ3Gxzg/PWe3NpUS2Uy3ElcHeCJSHe6iCrAMuDKipgtsJfAVrd9mC2n476MN\nKHewie754xIaol1E2H9J3Ps78qxhzOxRseZLMTip7GfVjdBM/M4W6N5hHvGvdnq1\n/3PolmlcUMQwr6agb8n5NEkD1O6K46nXYx9rZoAnAZU9apdhaAjGts1SMRUI6SKC\nevZ5V6rjX4YWmyISFh3kE0NFFCAitGNOQ4BW7odC7K+1Yc9Q+2yEr/f7pxEF1Woy\nEQIDAQAB\n-----END PUBLIC KEY-----\n",
                            "rsa_bits": "2048"
                        },
                        "meta": {},
                        "tainted": false
                    },
                    "deposed": [],
                    "provider": "provider.tls"
                },
                "tls_self_signed_cert.etcd-ca": {
                    "type": "tls_self_signed_cert",
                    "depends_on": [
                        "tls_private_key.etcd-ca"
                    ],
                    "primary": {
                        "id": "174809235130270873981051186479460748709",
                        "attributes": {
                            "allowed_uses.#": "3",
                            "allowed_uses.0": "key_encipherment",
                            "allowed_uses.1": "digital_signature",
                            "allowed_uses.2": "cert_signing",
                            "cert_pem": "-----BEGIN CERTIFICATE-----\nMIIDDzCCAfegAwIBAgIRAIODCLd0J7TD/VYHGfVjjaUwDQYJKoZIhvcNAQELBQAw\nITENMAsGA1UEChMEZXRjZDEQMA4GA1UEAxMHZXRjZC1jYTAeFw0xODA2MjUxMzA5\nMTdaFw0xOTA2MjUxMzA5MTdaMCExDTALBgNVBAoTBGV0Y2QxEDAOBgNVBAMTB2V0\nY2QtY2EwggEiMA0GCSqGSIb3DQEBAQUAA4IBDwAwggEKAoIBAQDvtTpe6KFFPeF0\n5PnTrKiDSXU4uV9vEXpReFIrx1BcGIQwY7582lzdl5sPQC3KwWo3LlmUmPcMyClM\nzQwlzM0NTGF9i+5huts6i66r+GFOmQKmGV7nRIwa+oha7LrGzvz/yFyQDJ4EG78R\nw5/GBWMr97uLrCMzNpnOa4acI1+604Quz9i4pDjl2jOMGTkBUvQ8903HxQbRPsD8\noGXmO7BaG/aflIUllJqvqYn6LsarZ46JP4F9jkUaoCmTbgMutpTbMUlSwE+k8BeO\nUj6iC6qQSsU8mWzBk/mavTmVyD1ZDcCKxqGR97LIYO899a7DHp2g9J9PFLiz/L7s\nHdlifHorAgMBAAGjQjBAMA4GA1UdDwEB/wQEAwICpDAPBgNVHRMBAf8EBTADAQH/\nMB0GA1UdDgQWBBT8A8BTNhnJWbynjamugBePxroagzANBgkqhkiG9w0BAQsFAAOC\nAQEAmYmvc4sHaPqKfPze2V2xFh4KDJuRaV4EoX/mJCfbpjP4k4HhSTvQnNg2PVwL\nm804Sp9UzGKKRs9tMLtkkdoWOZ72zpNyz2Re5G4z1NJk+16oCJ+9M0u17gCME4oH\n/dCcF/c3IPS6tdeejEab5EsXPU8GLJH1ccDLq78uFEN0ynKzRVV5odDiOFxVG/xY\n0RnzRmhNG6urAQ3dwKtihi1nRcL1R4ZAKOHLs4zXKh8vG87FdBHHx5XgBe1hL7IW\nHby/k/xXMwHUn9koM+kLDuqInvXNrll2gpIrfobQ4FGl4C6BH8FxBvRrDz55Yp3B\n96XFAaRNTinJ5p0Kei/xKiHntA==\n-----END CERTIFICATE-----\n",
                            "early_renewal_hours": "0",
                            "id": "174809235130270873981051186479460748709",
                            "is_ca_certificate": "true",
                            "key_algorithm": "RSA",
                            "private_key_pem": "f960ea56057736be8fafd0473571c103deacf3a5",
                            "subject.#": "1",
                            "subject.0.common_name": "etcd-ca",
                            "subject.0.country": "",
                            "subject.0.locality": "",
                            "subject.0.organization": "etcd",
                            "subject.0.organizational_unit": "",
                            "subject.0.postal_code": "",
                            "subject.0.province": "",
                            "subject.0.serial_number": "",
                            "subject.0.street_address.#": "0",
                            "validity_end_time": "2019-06-25T10:09:17.259143528-03:00",
                            "validity_period_hours": "8760",
                            "validity_start_time": "2018-06-25T10:09:17.259143528-03:00"
                        },
                        "meta": {},
                        "tainted": false
                    },
                    "deposed": [],
                    "provider": "provider.tls"
                }
            },
            "depends_on": []
        }
    ]
}
